// !$*UTF8*$!
{
	archiveVersion = 1;
	classes = {
	};
	objectVersion = 77;
	objects = {

/* Begin PBXBuildFile section */
		05F26D5C4ACC9F575E84EA7D /* PageStyle.swift in Sources */ = {isa = PBXBuildFile; fileRef = F11E10095B708A1E0D6E3DEA /* PageStyle.swift */; };
		0F3E7DD83529A8BA5BFF6654 /* NotebookStorePageStyleTests.swift in Sources */ = {isa = PBXBuildFile; fileRef = 83994A136D8C34D93FA8A2B7 /* NotebookStorePageStyleTests.swift */; };
		147F2A65FF7F96A1DD59B581 /* Notebook.swift in Sources */ = {isa = PBXBuildFile; fileRef = 4C80B3036233F46F514C3039 /* Notebook.swift */; };
		17F68A269A85CFB99DC71EA7 /* ShapeClassifier.swift in Sources */ = {isa = PBXBuildFile; fileRef = 2FC5AFE8E0B7040DED6A08B2 /* ShapeClassifier.swift */; };
		196461FB9CE7C0940B708ACB /* ShapeSnapServiceTests.swift in Sources */ = {isa = PBXBuildFile; fileRef = 6C8718017FB599774AF3121A /* ShapeSnapServiceTests.swift */; };
		38152430A0F5313C032DD850 /* PencilCanvasScrollView.swift in Sources */ = {isa = PBXBuildFile; fileRef = 6F92FEBCDF700B1445A8050F /* PencilCanvasScrollView.swift */; };
		3A423A792FE2BE07362FF0BE /* ShapeSnapService.swift in Sources */ = {isa = PBXBuildFile; fileRef = 30878356EFD1289439E7F41F /* ShapeSnapService.swift */; };
		3ABD01FB99CC2F33D3514C41 /* HomeView.swift in Sources */ = {isa = PBXBuildFile; fileRef = D998E57BE28904F90B2F48C6 /* HomeView.swift */; };
		3DDEAB1A7CF979654F52CCB6 /* SettingsView.swift in Sources */ = {isa = PBXBuildFile; fileRef = 0B76B9E4D894F26CF3819A02 /* SettingsView.swift */; };
		4414379181D2292FF46A3049 /* NotebookListView.swift in Sources */ = {isa = PBXBuildFile; fileRef = BE1E45D53E9556D30B99368E /* NotebookListView.swift */; };
		5F5E355FF62E782B4B1F0286 /* PageStyleBackgroundView.swift in Sources */ = {isa = PBXBuildFile; fileRef = F433CB542816DEC73ABEE38D /* PageStyleBackgroundView.swift */; };
		7235AE080B2B5C385A7E2B9D /* PageStylePatternGenerator.swift in Sources */ = {isa = PBXBuildFile; fileRef = 320BA8CEEA143C917BD9E925 /* PageStylePatternGenerator.swift */; };
		742F6C4337FBAB925B461C58 /* Assets.xcassets in Resources */ = {isa = PBXBuildFile; fileRef = 76226D0202A8C95FA9A4516F /* Assets.xcassets */; };
		779C4C8507F82F5AD0FB1EE8 /* DrawingToolPickerFactoryTests.swift in Sources */ = {isa = PBXBuildFile; fileRef = 44E74BE4AEE283904C24D62F /* DrawingToolPickerFactoryTests.swift */; };
		7857F54CD82F87D8BA620E7D /* PencilCanvasConfigurationTests.swift in Sources */ = {isa = PBXBuildFile; fileRef = 32684D60EAFC20753A656B4A /* PencilCanvasConfigurationTests.swift */; };
		7D1123EDC38F3036CCA32F1B /* PencilCanvasConfiguration.swift in Sources */ = {isa = PBXBuildFile; fileRef = ED00C35E2BF888022281D413 /* PencilCanvasConfiguration.swift */; };
		81BD3A1581F4B57FF82223FF /* AppShellView.swift in Sources */ = {isa = PBXBuildFile; fileRef = 119359CB1017ACBAACA2657E /* AppShellView.swift */; };
		862DB3A48E2703A499F738B0 /* NotebookStore.swift in Sources */ = {isa = PBXBuildFile; fileRef = 5A93ACBA1E66D4C47D2730C6 /* NotebookStore.swift */; };
		97C260598B271DABFFF9002D /* StrokeTool.swift in Sources */ = {isa = PBXBuildFile; fileRef = C5DA2AC6477F5F32C138E1B1 /* StrokeTool.swift */; };
		9A1838E659C7B4EECC582AF4 /* PencilCanvasView.swift in Sources */ = {isa = PBXBuildFile; fileRef = D6662F683652787C9A26CB5D /* PencilCanvasView.swift */; };
		A721816F976055460701041D /* CanvasScreen.swift in Sources */ = {isa = PBXBuildFile; fileRef = 1F8F1DF79ADC39C8DB7D91D2 /* CanvasScreen.swift */; };
		AD47922235C825151AE6191C /* PageStylePatternGeneratorTests.swift in Sources */ = {isa = PBXBuildFile; fileRef = 9AE990B33C609F974AA688AA /* PageStylePatternGeneratorTests.swift */; };
		D7A63388BF5D4FF7CA866DAA /* WryticTests.swift in Sources */ = {isa = PBXBuildFile; fileRef = 724E369D2024A67BB511AB7A /* WryticTests.swift */; };
		D7BE5A1A1F669B0CE4288D14 /* WryticApp.swift in Sources */ = {isa = PBXBuildFile; fileRef = 697698EAEF868D6D70711E76 /* WryticApp.swift */; };
		DE6F577D279626A1CDAA415B /* WryticUITests.swift in Sources */ = {isa = PBXBuildFile; fileRef = B5FA904F30A85889FD0E51C9 /* WryticUITests.swift */; };
		E6208DCF8DCCE62313256863 /* ShapeClassifierTests.swift in Sources */ = {isa = PBXBuildFile; fileRef = 3A7D4C8360D8F19D8C2D2172 /* ShapeClassifierTests.swift */; };
		E6ED868E13E70AEDA781219A /* ShapePathBuilder.swift in Sources */ = {isa = PBXBuildFile; fileRef = 01D55455A051C8A3272DB88A /* ShapePathBuilder.swift */; };
		EF7E470E6BB377A636C8FCFD /* StrokeToolTests.swift in Sources */ = {isa = PBXBuildFile; fileRef = A334B50362AD9AC4E12FCE70 /* StrokeToolTests.swift */; };
		F0016F094AEA2E90C71B2A68 /* DrawingToolPickerFactory.swift in Sources */ = {isa = PBXBuildFile; fileRef = 1A70DF5149251E7D40DEC120 /* DrawingToolPickerFactory.swift */; };
		FCA8E32E9B9F9FDF4E8D1B86 /* ShapeType.swift in Sources */ = {isa = PBXBuildFile; fileRef = F2B2086F0CE10F2B818FC6F7 /* ShapeType.swift */; };
		FDF38148036F7AA0325FEBDF /* ShapeFit.swift in Sources */ = {isa = PBXBuildFile; fileRef = F0DC645A8AB0DD689317CD2C /* ShapeFit.swift */; };
/* End PBXBuildFile section */

/* Begin PBXContainerItemProxy section */
		3A32FD95A8A49365416BC225 /* PBXContainerItemProxy */ = {
			isa = PBXContainerItemProxy;
			containerPortal = 6CB539AFC10770A044CFBBC1 /* Project object */;
			proxyType = 1;
			remoteGlobalIDString = D51EA5BD5DECD38FCB131250;
			remoteInfo = Wrytic;
		};
		95F0D2442EBB1F72602B460F /* PBXContainerItemProxy */ = {
			isa = PBXContainerItemProxy;
			containerPortal = 6CB539AFC10770A044CFBBC1 /* Project object */;
			proxyType = 1;
			remoteGlobalIDString = D51EA5BD5DECD38FCB131250;
			remoteInfo = Wrytic;
		};
/* End PBXContainerItemProxy section */

/* Begin PBXFileReference section */
		01D55455A051C8A3272DB88A /* ShapePathBuilder.swift */ = {isa = PBXFileReference; lastKnownFileType = sourcecode.swift; path = ShapePathBuilder.swift; sourceTree = "<group>"; };
		0B76B9E4D894F26CF3819A02 /* SettingsView.swift */ = {isa = PBXFileReference; lastKnownFileType = sourcecode.swift; path = SettingsView.swift; sourceTree = "<group>"; };
		119359CB1017ACBAACA2657E /* AppShellView.swift */ = {isa = PBXFileReference; lastKnownFileType = sourcecode.swift; path = AppShellView.swift; sourceTree = "<group>"; };
		1A70DF5149251E7D40DEC120 /* DrawingToolPickerFactory.swift */ = {isa = PBXFileReference; lastKnownFileType = sourcecode.swift; path = DrawingToolPickerFactory.swift; sourceTree = "<group>"; };
		1F8F1DF79ADC39C8DB7D91D2 /* CanvasScreen.swift */ = {isa = PBXFileReference; lastKnownFileType = sourcecode.swift; path = CanvasScreen.swift; sourceTree = "<group>"; };
		2FC5AFE8E0B7040DED6A08B2 /* ShapeClassifier.swift */ = {isa = PBXFileReference; lastKnownFileType = sourcecode.swift; path = ShapeClassifier.swift; sourceTree = "<group>"; };
		30878356EFD1289439E7F41F /* ShapeSnapService.swift */ = {isa = PBXFileReference; lastKnownFileType = sourcecode.swift; path = ShapeSnapService.swift; sourceTree = "<group>"; };
		320BA8CEEA143C917BD9E925 /* PageStylePatternGenerator.swift */ = {isa = PBXFileReference; lastKnownFileType = sourcecode.swift; path = PageStylePatternGenerator.swift; sourceTree = "<group>"; };
		32684D60EAFC20753A656B4A /* PencilCanvasConfigurationTests.swift */ = {isa = PBXFileReference; lastKnownFileType = sourcecode.swift; path = PencilCanvasConfigurationTests.swift; sourceTree = "<group>"; };
		3A7D4C8360D8F19D8C2D2172 /* ShapeClassifierTests.swift */ = {isa = PBXFileReference; lastKnownFileType = sourcecode.swift; path = ShapeClassifierTests.swift; sourceTree = "<group>"; };
		44E74BE4AEE283904C24D62F /* DrawingToolPickerFactoryTests.swift */ = {isa = PBXFileReference; lastKnownFileType = sourcecode.swift; path = DrawingToolPickerFactoryTests.swift; sourceTree = "<group>"; };
		4C80B3036233F46F514C3039 /* Notebook.swift */ = {isa = PBXFileReference; lastKnownFileType = sourcecode.swift; path = Notebook.swift; sourceTree = "<group>"; };
		5A93ACBA1E66D4C47D2730C6 /* NotebookStore.swift */ = {isa = PBXFileReference; lastKnownFileType = sourcecode.swift; path = NotebookStore.swift; sourceTree = "<group>"; };
		697698EAEF868D6D70711E76 /* WryticApp.swift */ = {isa = PBXFileReference; lastKnownFileType = sourcecode.swift; path = WryticApp.swift; sourceTree = "<group>"; };
		6C8718017FB599774AF3121A /* ShapeSnapServiceTests.swift */ = {isa = PBXFileReference; lastKnownFileType = sourcecode.swift; path = ShapeSnapServiceTests.swift; sourceTree = "<group>"; };
		6F92FEBCDF700B1445A8050F /* PencilCanvasScrollView.swift */ = {isa = PBXFileReference; lastKnownFileType = sourcecode.swift; path = PencilCanvasScrollView.swift; sourceTree = "<group>"; };
		724E369D2024A67BB511AB7A /* WryticTests.swift */ = {isa = PBXFileReference; lastKnownFileType = sourcecode.swift; path = WryticTests.swift; sourceTree = "<group>"; };
		76226D0202A8C95FA9A4516F /* Assets.xcassets */ = {isa = PBXFileReference; lastKnownFileType = folder.assetcatalog; path = Assets.xcassets; sourceTree = "<group>"; };
		7745C042BED4A0297391E5C1 /* Wrytic.app */ = {isa = PBXFileReference; includeInIndex = 0; lastKnownFileType = wrapper.application; path = Wrytic.app; sourceTree = BUILT_PRODUCTS_DIR; };
		83994A136D8C34D93FA8A2B7 /* NotebookStorePageStyleTests.swift */ = {isa = PBXFileReference; lastKnownFileType = sourcecode.swift; path = NotebookStorePageStyleTests.swift; sourceTree = "<group>"; };
		9AE990B33C609F974AA688AA /* PageStylePatternGeneratorTests.swift */ = {isa = PBXFileReference; lastKnownFileType = sourcecode.swift; path = PageStylePatternGeneratorTests.swift; sourceTree = "<group>"; };
		A334B50362AD9AC4E12FCE70 /* StrokeToolTests.swift */ = {isa = PBXFileReference; lastKnownFileType = sourcecode.swift; path = StrokeToolTests.swift; sourceTree = "<group>"; };
		B5FA904F30A85889FD0E51C9 /* WryticUITests.swift */ = {isa = PBXFileReference; lastKnownFileType = sourcecode.swift; path = WryticUITests.swift; sourceTree = "<group>"; };
		BE1E45D53E9556D30B99368E /* NotebookListView.swift */ = {isa = PBXFileReference; lastKnownFileType = sourcecode.swift; path = NotebookListView.swift; sourceTree = "<group>"; };
		C5DA2AC6477F5F32C138E1B1 /* StrokeTool.swift */ = {isa = PBXFileReference; lastKnownFileType = sourcecode.swift; path = StrokeTool.swift; sourceTree = "<group>"; };
		C780C7D0E2D02C39CCC53099 /* WryticTests.xctest */ = {isa = PBXFileReference; includeInIndex = 0; lastKnownFileType = wrapper.cfbundle; path = WryticTests.xctest; sourceTree = BUILT_PRODUCTS_DIR; };
		D6662F683652787C9A26CB5D /* PencilCanvasView.swift */ = {isa = PBXFileReference; lastKnownFileType = sourcecode.swift; path = PencilCanvasView.swift; sourceTree = "<group>"; };
		D998E57BE28904F90B2F48C6 /* HomeView.swift */ = {isa = PBXFileReference; lastKnownFileType = sourcecode.swift; path = HomeView.swift; sourceTree = "<group>"; };
		ED00C35E2BF888022281D413 /* PencilCanvasConfiguration.swift */ = {isa = PBXFileReference; lastKnownFileType = sourcecode.swift; path = PencilCanvasConfiguration.swift; sourceTree = "<group>"; };
		F0DC645A8AB0DD689317CD2C /* ShapeFit.swift */ = {isa = PBXFileReference; lastKnownFileType = sourcecode.swift; path = ShapeFit.swift; sourceTree = "<group>"; };
		F11E10095B708A1E0D6E3DEA /* PageStyle.swift */ = {isa = PBXFileReference; lastKnownFileType = sourcecode.swift; path = PageStyle.swift; sourceTree = "<group>"; };
		F22CC092DD36EB8A0E3BF5A4 /* WryticUITests.xctest */ = {isa = PBXFileReference; includeInIndex = 0; lastKnownFileType = wrapper.cfbundle; path = WryticUITests.xctest; sourceTree = BUILT_PRODUCTS_DIR; };
		F2B2086F0CE10F2B818FC6F7 /* ShapeType.swift */ = {isa = PBXFileReference; lastKnownFileType = sourcecode.swift; path = ShapeType.swift; sourceTree = "<group>"; };
		F433CB542816DEC73ABEE38D /* PageStyleBackgroundView.swift */ = {isa = PBXFileReference; lastKnownFileType = sourcecode.swift; path = PageStyleBackgroundView.swift; sourceTree = "<group>"; };
/* End PBXFileReference section */

/* Begin PBXGroup section */
		0233FA999163A66AAA280FBC /* Canvas */ = {
			isa = PBXGroup;
			children = (
				1F8F1DF79ADC39C8DB7D91D2 /* CanvasScreen.swift */,
				ED00C35E2BF888022281D413 /* PencilCanvasConfiguration.swift */,
				6F92FEBCDF700B1445A8050F /* PencilCanvasScrollView.swift */,
				D6662F683652787C9A26CB5D /* PencilCanvasView.swift */,
			);
			path = Canvas;
			sourceTree = "<group>";
		};
		160941595BF6272F9C171524 /* Home */ = {
			isa = PBXGroup;
			children = (
				D998E57BE28904F90B2F48C6 /* HomeView.swift */,
			);
			path = Home;
			sourceTree = "<group>";
		};
		1B839E45439318CE8439EE95 /* App */ = {
			isa = PBXGroup;
			children = (
				119359CB1017ACBAACA2657E /* AppShellView.swift */,
				76226D0202A8C95FA9A4516F /* Assets.xcassets */,
				697698EAEF868D6D70711E76 /* WryticApp.swift */,
			);
			path = App;
			sourceTree = "<group>";
		};
		1F4A2C857FEEF535F752E06C /* Shapes */ = {
			isa = PBXGroup;
			children = (
				2FC5AFE8E0B7040DED6A08B2 /* ShapeClassifier.swift */,
				F0DC645A8AB0DD689317CD2C /* ShapeFit.swift */,
				01D55455A051C8A3272DB88A /* ShapePathBuilder.swift */,
				30878356EFD1289439E7F41F /* ShapeSnapService.swift */,
				F2B2086F0CE10F2B818FC6F7 /* ShapeType.swift */,
			);
			path = Shapes;
			sourceTree = "<group>";
		};
		463CDA84CC0E73C34B2757DB /* Core */ = {
			isa = PBXGroup;
			children = (
				DF1BB232EBBB93FDAAC8EB01 /* Models */,
				75A5834F7AAE6FF85F1AF27C /* Services */,
			);
			path = Core;
			sourceTree = "<group>";
		};
		4941B4ACAF986FED0B9A122F /* WryticTests */ = {
			isa = PBXGroup;
			children = (
				44E74BE4AEE283904C24D62F /* DrawingToolPickerFactoryTests.swift */,
				83994A136D8C34D93FA8A2B7 /* NotebookStorePageStyleTests.swift */,
				9AE990B33C609F974AA688AA /* PageStylePatternGeneratorTests.swift */,
				32684D60EAFC20753A656B4A /* PencilCanvasConfigurationTests.swift */,
				3A7D4C8360D8F19D8C2D2172 /* ShapeClassifierTests.swift */,
				6C8718017FB599774AF3121A /* ShapeSnapServiceTests.swift */,
				A334B50362AD9AC4E12FCE70 /* StrokeToolTests.swift */,
				724E369D2024A67BB511AB7A /* WryticTests.swift */,
			);
			path = WryticTests;
			sourceTree = "<group>";
		};
		648878F5D0D0899609A7CAE9 /* Wrytic */ = {
			isa = PBXGroup;
			children = (
				1B839E45439318CE8439EE95 /* App */,
				463CDA84CC0E73C34B2757DB /* Core */,
				E4C97D55E515D09CC9AE7D05 /* Features */,
			);
			path = Wrytic;
			sourceTree = "<group>";
		};
		6DE3675ADEE69EFEFB2C4F65 /* WryticUITests */ = {
			isa = PBXGroup;
			children = (
				B5FA904F30A85889FD0E51C9 /* WryticUITests.swift */,
			);
			path = WryticUITests;
			sourceTree = "<group>";
		};
		75A5834F7AAE6FF85F1AF27C /* Services */ = {
			isa = PBXGroup;
			children = (
				5A93ACBA1E66D4C47D2730C6 /* NotebookStore.swift */,
			);
			path = Services;
			sourceTree = "<group>";
		};
		952496056B311A0452A35C84 /* Products */ = {
			isa = PBXGroup;
			children = (
				7745C042BED4A0297391E5C1 /* Wrytic.app */,
				C780C7D0E2D02C39CCC53099 /* WryticTests.xctest */,
				F22CC092DD36EB8A0E3BF5A4 /* WryticUITests.xctest */,
			);
			name = Products;
			sourceTree = "<group>";
		};
		B653A93C68024D3DB973EE98 /* Settings */ = {
			isa = PBXGroup;
			children = (
				0B76B9E4D894F26CF3819A02 /* SettingsView.swift */,
			);
			path = Settings;
			sourceTree = "<group>";
		};
		DC644ACFFD900F13DF1EB2B6 /* PageStyles */ = {
			isa = PBXGroup;
			children = (
				F11E10095B708A1E0D6E3DEA /* PageStyle.swift */,
				F433CB542816DEC73ABEE38D /* PageStyleBackgroundView.swift */,
				320BA8CEEA143C917BD9E925 /* PageStylePatternGenerator.swift */,
			);
			path = PageStyles;
			sourceTree = "<group>";
		};
		DF1BB232EBBB93FDAAC8EB01 /* Models */ = {
			isa = PBXGroup;
			children = (
				4C80B3036233F46F514C3039 /* Notebook.swift */,
			);
			path = Models;
			sourceTree = "<group>";
		};
		E4C97D55E515D09CC9AE7D05 /* Features */ = {
			isa = PBXGroup;
			children = (
				0233FA999163A66AAA280FBC /* Canvas */,
				ED52D727C5FB6F774C7DEC30 /* DrawingTools */,
				160941595BF6272F9C171524 /* Home */,
				EC1166B89739091888035DE9 /* Notebook */,
				DC644ACFFD900F13DF1EB2B6 /* PageStyles */,
				B653A93C68024D3DB973EE98 /* Settings */,
				1F4A2C857FEEF535F752E06C /* Shapes */,
			);
			path = Features;
			sourceTree = "<group>";
		};
		EB78E19E3ECDF2650B9B6C12 = {
			isa = PBXGroup;
			children = (
				648878F5D0D0899609A7CAE9 /* Wrytic */,
				4941B4ACAF986FED0B9A122F /* WryticTests */,
				6DE3675ADEE69EFEFB2C4F65 /* WryticUITests */,
				952496056B311A0452A35C84 /* Products */,
			);
			sourceTree = "<group>";
		};
		EC1166B89739091888035DE9 /* Notebook */ = {
			isa = PBXGroup;
			children = (
				BE1E45D53E9556D30B99368E /* NotebookListView.swift */,
			);
			path = Notebook;
			sourceTree = "<group>";
		};
		ED52D727C5FB6F774C7DEC30 /* DrawingTools */ = {
			isa = PBXGroup;
			children = (
				1A70DF5149251E7D40DEC120 /* DrawingToolPickerFactory.swift */,
				C5DA2AC6477F5F32C138E1B1 /* StrokeTool.swift */,
			);
			path = DrawingTools;
			sourceTree = "<group>";
		};
/* End PBXGroup section */

/* Begin PBXNativeTarget section */
		76ACDDE46A3FEBCF89191448 /* WryticUITests */ = {
			isa = PBXNativeTarget;
			buildConfigurationList = 9486D3F516139012754C1289 /* Build configuration list for PBXNativeTarget "WryticUITests" */;
			buildPhases = (
				386349D6312664982959CF29 /* Sources */,
			);
			buildRules = (
			);
			dependencies = (
				12C7B4F83765198AB6FBA919 /* PBXTargetDependency */,
			);
			name = WryticUITests;
			packageProductDependencies = (
			);
			productName = WryticUITests;
			productReference = F22CC092DD36EB8A0E3BF5A4 /* WryticUITests.xctest */;
			productType = "com.apple.product-type.bundle.ui-testing";
		};
		90168E9B6937CBB2BD2928CB /* WryticTests */ = {
			isa = PBXNativeTarget;
			buildConfigurationList = DE1D3BCE839CCDA250E56D99 /* Build configuration list for PBXNativeTarget "WryticTests" */;
			buildPhases = (
				3AAEB42D0C8D4E3200A44CDE /* Sources */,
			);
			buildRules = (
			);
			dependencies = (
				D43109C4B1CB7FAF49579CAB /* PBXTargetDependency */,
			);
			name = WryticTests;
			packageProductDependencies = (
			);
			productName = WryticTests;
			productReference = C780C7D0E2D02C39CCC53099 /* WryticTests.xctest */;
			productType = "com.apple.product-type.bundle.unit-test";
		};
		D51EA5BD5DECD38FCB131250 /* Wrytic */ = {
			isa = PBXNativeTarget;
			buildConfigurationList = 0BB24A8C32537D46805D2DCC /* Build configuration list for PBXNativeTarget "Wrytic" */;
			buildPhases = (
				D8EC761BF9280380BB956123 /* Sources */,
				5FB7FAD14571FEC4BB13C2AC /* Resources */,
			);
			buildRules = (
			);
			dependencies = (
			);
			name = Wrytic;
			packageProductDependencies = (
			);
			productName = Wrytic;
			productReference = 7745C042BED4A0297391E5C1 /* Wrytic.app */;
			productType = "com.apple.product-type.application";
		};
/* End PBXNativeTarget section */

/* Begin PBXProject section */
		6CB539AFC10770A044CFBBC1 /* Project object */ = {
			isa = PBXProject;
			attributes = {
				BuildIndependentTargetsInParallel = YES;
				LastUpgradeCheck = 1430;
				TargetAttributes = {
					76ACDDE46A3FEBCF89191448 = {
						TestTargetID = D51EA5BD5DECD38FCB131250;
					};
				};
			};
			buildConfigurationList = 0525EF81BDA8E4D10BCFA304 /* Build configuration list for PBXProject "Wrytic" */;
			developmentRegion = en;
			hasScannedForEncodings = 0;
			knownRegions = (
				Base,
				en,
			);
			mainGroup = EB78E19E3ECDF2650B9B6C12;
			minimizedProjectReferenceProxies = 1;
			preferredProjectObjectVersion = 77;
			productRefGroup = 952496056B311A0452A35C84 /* Products */;
			projectDirPath = "";
			projectRoot = "";
			targets = (
				D51EA5BD5DECD38FCB131250 /* Wrytic */,
				90168E9B6937CBB2BD2928CB /* WryticTests */,
				76ACDDE46A3FEBCF89191448 /* WryticUITests */,
			);
		};
/* End PBXProject section */

/* Begin PBXResourcesBuildPhase section */
		5FB7FAD14571FEC4BB13C2AC /* Resources */ = {
			isa = PBXResourcesBuildPhase;
			buildActionMask = 2147483647;
			files = (
				742F6C4337FBAB925B461C58 /* Assets.xcassets in Resources */,
			);
			runOnlyForDeploymentPostprocessing = 0;
		};
/* End PBXResourcesBuildPhase section */

/* Begin PBXSourcesBuildPhase section */
		386349D6312664982959CF29 /* Sources */ = {
			isa = PBXSourcesBuildPhase;
			buildActionMask = 2147483647;
			files = (
				DE6F577D279626A1CDAA415B /* WryticUITests.swift in Sources */,
			);
			runOnlyForDeploymentPostprocessing = 0;
		};
		3AAEB42D0C8D4E3200A44CDE /* Sources */ = {
			isa = PBXSourcesBuildPhase;
			buildActionMask = 2147483647;
			files = (
				779C4C8507F82F5AD0FB1EE8 /* DrawingToolPickerFactoryTests.swift in Sources */,
				0F3E7DD83529A8BA5BFF6654 /* NotebookStorePageStyleTests.swift in Sources */,
				AD47922235C825151AE6191C /* PageStylePatternGeneratorTests.swift in Sources */,
				7857F54CD82F87D8BA620E7D /* PencilCanvasConfigurationTests.swift in Sources */,
				E6208DCF8DCCE62313256863 /* ShapeClassifierTests.swift in Sources */,
				196461FB9CE7C0940B708ACB /* ShapeSnapServiceTests.swift in Sources */,
				EF7E470E6BB377A636C8FCFD /* StrokeToolTests.swift in Sources */,
				D7A63388BF5D4FF7CA866DAA /* WryticTests.swift in Sources */,
			);
			runOnlyForDeploymentPostprocessing = 0;
		};
		D8EC761BF9280380BB956123 /* Sources */ = {
			isa = PBXSourcesBuildPhase;
			buildActionMask = 2147483647;
			files = (
				81BD3A1581F4B57FF82223FF /* AppShellView.swift in Sources */,
				A721816F976055460701041D /* CanvasScreen.swift in Sources */,
				F0016F094AEA2E90C71B2A68 /* DrawingToolPickerFactory.swift in Sources */,
				3ABD01FB99CC2F33D3514C41 /* HomeView.swift in Sources */,
				147F2A65FF7F96A1DD59B581 /* Notebook.swift in Sources */,
				4414379181D2292FF46A3049 /* NotebookListView.swift in Sources */,
				862DB3A48E2703A499F738B0 /* NotebookStore.swift in Sources */,
				05F26D5C4ACC9F575E84EA7D /* PageStyle.swift in Sources */,
				5F5E355FF62E782B4B1F0286 /* PageStyleBackgroundView.swift in Sources */,
				7235AE080B2B5C385A7E2B9D /* PageStylePatternGenerator.swift in Sources */,
				7D1123EDC38F3036CCA32F1B /* PencilCanvasConfiguration.swift in Sources */,
				38152430A0F5313C032DD850 /* PencilCanvasScrollView.swift in Sources */,
				9A1838E659C7B4EECC582AF4 /* PencilCanvasView.swift in Sources */,
				3DDEAB1A7CF979654F52CCB6 /* SettingsView.swift in Sources */,
				17F68A269A85CFB99DC71EA7 /* ShapeClassifier.swift in Sources */,
				FDF38148036F7AA0325FEBDF /* ShapeFit.swift in Sources */,
				E6ED868E13E70AEDA781219A /* ShapePathBuilder.swift in Sources */,
				3A423A792FE2BE07362FF0BE /* ShapeSnapService.swift in Sources */,
				FCA8E32E9B9F9FDF4E8D1B86 /* ShapeType.swift in Sources */,
				97C260598B271DABFFF9002D /* StrokeTool.swift in Sources */,
				D7BE5A1A1F669B0CE4288D14 /* WryticApp.swift in Sources */,
			);
			runOnlyForDeploymentPostprocessing = 0;
		};
/* End PBXSourcesBuildPhase section */

/* Begin PBXTargetDependency section */
		12C7B4F83765198AB6FBA919 /* PBXTargetDependency */ = {
			isa = PBXTargetDependency;
			target = D51EA5BD5DECD38FCB131250 /* Wrytic */;
			targetProxy = 95F0D2442EBB1F72602B460F /* PBXContainerItemProxy */;
		};
		D43109C4B1CB7FAF49579CAB /* PBXTargetDependency */ = {
			isa = PBXTargetDependency;
			target = D51EA5BD5DECD38FCB131250 /* Wrytic */;
			targetProxy = 3A32FD95A8A49365416BC225 /* PBXContainerItemProxy */;
		};
/* End PBXTargetDependency section */

/* Begin XCBuildConfiguration section */
		0CE131BE90A681E1E5A55B0B /* Release */ = {
			isa = XCBuildConfiguration;
			buildSettings = {
				BUNDLE_LOADER = "$(TEST_HOST)";
				GENERATE_INFOPLIST_FILE = YES;
				IPHONEOS_DEPLOYMENT_TARGET = 27.0;
				LD_RUNPATH_SEARCH_PATHS = (
					"$(inherited)",
					"@executable_path/Frameworks",
					"@loader_path/Frameworks",
				);
				PRODUCT_BUNDLE_IDENTIFIER = com.wrytic.app.tests;
				SDKROOT = iphoneos;
				SWIFT_VERSION = 6.0;
				TARGETED_DEVICE_FAMILY = "1,2";
				TEST_HOST = "$(BUILT_PRODUCTS_DIR)/Wrytic.app/Wrytic";
			};
			name = Release;
		};
		0D0234EF5ABF8144B702E7E2 /* Debug */ = {
			isa = XCBuildConfiguration;
			buildSettings = {
				BUNDLE_LOADER = "$(TEST_HOST)";
				GENERATE_INFOPLIST_FILE = YES;
				IPHONEOS_DEPLOYMENT_TARGET = 27.0;
				LD_RUNPATH_SEARCH_PATHS = (
					"$(inherited)",
					"@executable_path/Frameworks",
					"@loader_path/Frameworks",
				);
				PRODUCT_BUNDLE_IDENTIFIER = com.wrytic.app.uitests;
				SDKROOT = iphoneos;
				SWIFT_VERSION = 6.0;
				TARGETED_DEVICE_FAMILY = "1,2";
				TEST_TARGET_NAME = Wrytic;
			};
			name = Debug;
		};
		12CE107226A50521445A7091 /* Debug */ = {
			isa = XCBuildConfiguration;
			buildSettings = {
				BUNDLE_LOADER = "$(TEST_HOST)";
				GENERATE_INFOPLIST_FILE = YES;
				IPHONEOS_DEPLOYMENT_TARGET = 27.0;
				LD_RUNPATH_SEARCH_PATHS = (
					"$(inherited)",
					"@executable_path/Frameworks",
					"@loader_path/Frameworks",
				);
				PRODUCT_BUNDLE_IDENTIFIER = com.wrytic.app.tests;
				SDKROOT = iphoneos;
				SWIFT_VERSION = 6.0;
				TARGETED_DEVICE_FAMILY = "1,2";
				TEST_HOST = "$(BUILT_PRODUCTS_DIR)/Wrytic.app/Wrytic";
			};
			name = Debug;
		};
		4455BABC3E515EF48358B5EA /* Debug */ = {
			isa = XCBuildConfiguration;
			buildSettings = {
				ASSETCATALOG_COMPILER_APPICON_NAME = AppIcon;
				ASSETCATALOG_COMPILER_GLOBAL_ACCENT_COLOR_NAME = AccentColor;
				CODE_SIGN_IDENTITY = "iPhone Developer";
				GENERATE_INFOPLIST_FILE = YES;
				INFOPLIST_FILE = "Generated/Wrytic-Info.plist";
				IPHONEOS_DEPLOYMENT_TARGET = 27.0;
				LD_RUNPATH_SEARCH_PATHS = (
					"$(inherited)",
					"@executable_path/Frameworks",
				);
				PRODUCT_BUNDLE_IDENTIFIER = com.wrytic.app;
				SDKROOT = iphoneos;
				SWIFT_VERSION = 6.0;
				TARGETED_DEVICE_FAMILY = 2;
			};
			name = Debug;
		};
		6DE35FAD03F666D1ADFF4B3A /* Release */ = {
			isa = XCBuildConfiguration;
			buildSettings = {
				ALWAYS_SEARCH_USER_PATHS = NO;
				CLANG_ANALYZER_NONNULL = YES;
				CLANG_ANALYZER_NUMBER_OBJECT_CONVERSION = YES_AGGRESSIVE;
				CLANG_CXX_LANGUAGE_STANDARD = "gnu++14";
				CLANG_CXX_LIBRARY = "libc++";
				CLANG_ENABLE_MODULES = YES;
				CLANG_ENABLE_OBJC_ARC = YES;
				CLANG_ENABLE_OBJC_WEAK = YES;
				CLANG_WARN_BLOCK_CAPTURE_AUTORELEASING = YES;
				CLANG_WARN_BOOL_CONVERSION = YES;
				CLANG_WARN_COMMA = YES;
				CLANG_WARN_CONSTANT_CONVERSION = YES;
				CLANG_WARN_DEPRECATED_OBJC_IMPLEMENTATIONS = YES;
				CLANG_WARN_DIRECT_OBJC_ISA_USAGE = YES_ERROR;
				CLANG_WARN_DOCUMENTATION_COMMENTS = YES;
				CLANG_WARN_EMPTY_BODY = YES;
				CLANG_WARN_ENUM_CONVERSION = YES;
				CLANG_WARN_INFINITE_RECURSION = YES;
				CLANG_WARN_INT_CONVERSION = YES;
				CLANG_WARN_NON_LITERAL_NULL_CONVERSION = YES;
				CLANG_WARN_OBJC_IMPLICIT_RETAIN_SELF = YES;
				CLANG_WARN_OBJC_LITERAL_CONVERSION = YES;
				CLANG_WARN_OBJC_ROOT_CLASS = YES_ERROR;
				CLANG_WARN_QUOTED_INCLUDE_IN_FRAMEWORK_HEADER = YES;
				CLANG_WARN_RANGE_LOOP_ANALYSIS = YES;
				CLANG_WARN_STRICT_PROTOTYPES = YES;
				CLANG_WARN_SUSPICIOUS_MOVE = YES;
				CLANG_WARN_UNGUARDED_AVAILABILITY = YES_AGGRESSIVE;
				CLANG_WARN_UNREACHABLE_CODE = YES;
				CLANG_WARN__DUPLICATE_METHOD_MATCH = YES;
				COPY_PHASE_STRIP = NO;
				DEBUG_INFORMATION_FORMAT = "dwarf-with-dsym";
				ENABLE_NS_ASSERTIONS = NO;
				ENABLE_STRICT_OBJC_MSGSEND = YES;
				GCC_C_LANGUAGE_STANDARD = gnu11;
				GCC_NO_COMMON_BLOCKS = YES;
				GCC_WARN_64_TO_32_BIT_CONVERSION = YES;
				GCC_WARN_ABOUT_RETURN_TYPE = YES_ERROR;
				GCC_WARN_UNDECLARED_SELECTOR = YES;
				GCC_WARN_UNINITIALIZED_AUTOS = YES_AGGRESSIVE;
				GCC_WARN_UNUSED_FUNCTION = YES;
				GCC_WARN_UNUSED_VARIABLE = YES;
				IPHONEOS_DEPLOYMENT_TARGET = 27.0;
				MTL_ENABLE_DEBUG_INFO = NO;
				MTL_FAST_MATH = YES;
				PRODUCT_NAME = "$(TARGET_NAME)";
				SDKROOT = iphoneos;
				SWIFT_COMPILATION_MODE = wholemodule;
				SWIFT_OPTIMIZATION_LEVEL = "-O";
				SWIFT_VERSION = 5.0;
			};
			name = Release;
		};
		80D493989088D41C09CAE001 /* Release */ = {
			isa = XCBuildConfiguration;
			buildSettings = {
				ASSETCATALOG_COMPILER_APPICON_NAME = AppIcon;
				ASSETCATALOG_COMPILER_GLOBAL_ACCENT_COLOR_NAME = AccentColor;
				CODE_SIGN_IDENTITY = "iPhone Developer";
				GENERATE_INFOPLIST_FILE = YES;
				INFOPLIST_FILE = "Generated/Wrytic-Info.plist";
				IPHONEOS_DEPLOYMENT_TARGET = 27.0;
				LD_RUNPATH_SEARCH_PATHS = (
					"$(inherited)",
					"@executable_path/Frameworks",
				);
				PRODUCT_BUNDLE_IDENTIFIER = com.wrytic.app;
				SDKROOT = iphoneos;
				SWIFT_VERSION = 6.0;
				TARGETED_DEVICE_FAMILY = 2;
			};
			name = Release;
		};
		90CFB0788FE9AB76F1C1C4CA /* Debug */ = {
			isa = XCBuildConfiguration;
			buildSettings = {
				ALWAYS_SEARCH_USER_PATHS = NO;
				CLANG_ANALYZER_NONNULL = YES;
				CLANG_ANALYZER_NUMBER_OBJECT_CONVERSION = YES_AGGRESSIVE;
				CLANG_CXX_LANGUAGE_STANDARD = "gnu++14";
				CLANG_CXX_LIBRARY = "libc++";
				CLANG_ENABLE_MODULES = YES;
				CLANG_ENABLE_OBJC_ARC = YES;
				CLANG_ENABLE_OBJC_WEAK = YES;
				CLANG_WARN_BLOCK_CAPTURE_AUTORELEASING = YES;
				CLANG_WARN_BOOL_CONVERSION = YES;
				CLANG_WARN_COMMA = YES;
				CLANG_WARN_CONSTANT_CONVERSION = YES;
				CLANG_WARN_DEPRECATED_OBJC_IMPLEMENTATIONS = YES;
				CLANG_WARN_DIRECT_OBJC_ISA_USAGE = YES_ERROR;
				CLANG_WARN_DOCUMENTATION_COMMENTS = YES;
				CLANG_WARN_EMPTY_BODY = YES;
				CLANG_WARN_ENUM_CONVERSION = YES;
				CLANG_WARN_INFINITE_RECURSION = YES;
				CLANG_WARN_INT_CONVERSION = YES;
				CLANG_WARN_NON_LITERAL_NULL_CONVERSION = YES;
				CLANG_WARN_OBJC_IMPLICIT_RETAIN_SELF = YES;
				CLANG_WARN_OBJC_LITERAL_CONVERSION = YES;
				CLANG_WARN_OBJC_ROOT_CLASS = YES_ERROR;
				CLANG_WARN_QUOTED_INCLUDE_IN_FRAMEWORK_HEADER = YES;
				CLANG_WARN_RANGE_LOOP_ANALYSIS = YES;
				CLANG_WARN_STRICT_PROTOTYPES = YES;
				CLANG_WARN_SUSPICIOUS_MOVE = YES;
				CLANG_WARN_UNGUARDED_AVAILABILITY = YES_AGGRESSIVE;
				CLANG_WARN_UNREACHABLE_CODE = YES;
				CLANG_WARN__DUPLICATE_METHOD_MATCH = YES;
				COPY_PHASE_STRIP = NO;
				DEBUG_INFORMATION_FORMAT = dwarf;
				ENABLE_STRICT_OBJC_MSGSEND = YES;
				ENABLE_TESTABILITY = YES;
				GCC_C_LANGUAGE_STANDARD = gnu11;
				GCC_DYNAMIC_NO_PIC = NO;
				GCC_NO_COMMON_BLOCKS = YES;
				GCC_OPTIMIZATION_LEVEL = 0;
				GCC_PREPROCESSOR_DEFINITIONS = (
					"$(inherited)",
					"DEBUG=1",
				);
				GCC_WARN_64_TO_32_BIT_CONVERSION = YES;
				GCC_WARN_ABOUT_RETURN_TYPE = YES_ERROR;
				GCC_WARN_UNDECLARED_SELECTOR = YES;
				GCC_WARN_UNINITIALIZED_AUTOS = YES_AGGRESSIVE;
				GCC_WARN_UNUSED_FUNCTION = YES;
				GCC_WARN_UNUSED_VARIABLE = YES;
				IPHONEOS_DEPLOYMENT_TARGET = 27.0;
				MTL_ENABLE_DEBUG_INFO = INCLUDE_SOURCE;
				MTL_FAST_MATH = YES;
				ONLY_ACTIVE_ARCH = YES;
				PRODUCT_NAME = "$(TARGET_NAME)";
				SDKROOT = iphoneos;
				SWIFT_ACTIVE_COMPILATION_CONDITIONS = DEBUG;
				SWIFT_OPTIMIZATION_LEVEL = "-Onone";
				SWIFT_VERSION = 5.0;
			};
			name = Debug;
		};
		943A05B42DBCDF36B3CBE711 /* Release */ = {
			isa = XCBuildConfiguration;
			buildSettings = {
				BUNDLE_LOADER = "$(TEST_HOST)";
				GENERATE_INFOPLIST_FILE = YES;
				IPHONEOS_DEPLOYMENT_TARGET = 27.0;
				LD_RUNPATH_SEARCH_PATHS = (
					"$(inherited)",
					"@executable_path/Frameworks",
					"@loader_path/Frameworks",
				);
				PRODUCT_BUNDLE_IDENTIFIER = com.wrytic.app.uitests;
				SDKROOT = iphoneos;
				SWIFT_VERSION = 6.0;
				TARGETED_DEVICE_FAMILY = "1,2";
				TEST_TARGET_NAME = Wrytic;
			};
			name = Release;
		};
/* End XCBuildConfiguration section */

/* Begin XCConfigurationList section */
		0525EF81BDA8E4D10BCFA304 /* Build configuration list for PBXProject "Wrytic" */ = {
			isa = XCConfigurationList;
			buildConfigurations = (
				90CFB0788FE9AB76F1C1C4CA /* Debug */,
				6DE35FAD03F666D1ADFF4B3A /* Release */,
			);
			defaultConfigurationIsVisible = 0;
			defaultConfigurationName = Debug;
		};
		0BB24A8C32537D46805D2DCC /* Build configuration list for PBXNativeTarget "Wrytic" */ = {
			isa = XCConfigurationList;
			buildConfigurations = (
				4455BABC3E515EF48358B5EA /* Debug */,
				80D493989088D41C09CAE001 /* Release */,
			);
			defaultConfigurationIsVisible = 0;
			defaultConfigurationName = Debug;
		};
		9486D3F516139012754C1289 /* Build configuration list for PBXNativeTarget "WryticUITests" */ = {
			isa = XCConfigurationList;
			buildConfigurations = (
				0D0234EF5ABF8144B702E7E2 /* Debug */,
				943A05B42DBCDF36B3CBE711 /* Release */,
			);
			defaultConfigurationIsVisible = 0;
			defaultConfigurationName = Debug;
		};
		DE1D3BCE839CCDA250E56D99 /* Build configuration list for PBXNativeTarget "WryticTests" */ = {
			isa = XCConfigurationList;
			buildConfigurations = (
				12CE107226A50521445A7091 /* Debug */,
				0CE131BE90A681E1E5A55B0B /* Release */,
			);
			defaultConfigurationIsVisible = 0;
			defaultConfigurationName = Debug;
		};
/* End XCConfigurationList section */
	};
	rootObject = 6CB539AFC10770A044CFBBC1 /* Project object */;
}
