// !$*UTF8*$!
{
	archiveVersion = 1;
	classes = {
	};
	objectVersion = 77;
	objects = {

/* Begin PBXBuildFile section */
		02E874D12CDA77F04D36E46B /* HandwritingWorkflowService.swift in Sources */ = {isa = PBXBuildFile; fileRef = 41C75E1829B504AA5220EE0B /* HandwritingWorkflowService.swift */; };
		05F26D5C4ACC9F575E84EA7D /* PageStyle.swift in Sources */ = {isa = PBXBuildFile; fileRef = F11E10095B708A1E0D6E3DEA /* PageStyle.swift */; };
		0C0391D84F7141FB48FFD520 /* PencilCanvasView+TextToolbar.swift in Sources */ = {isa = PBXBuildFile; fileRef = 5A41A5AEB7704024A7643D49 /* PencilCanvasView+TextToolbar.swift */; };
		0C49A5ADFCC0F37E61DAB1D6 /* PKStrokeRecognitionService.swift in Sources */ = {isa = PBXBuildFile; fileRef = F0A7E680F9547F3F96327A09 /* PKStrokeRecognitionService.swift */; };
		0F3E7DD83529A8BA5BFF6654 /* NotebookStorePageStyleTests.swift in Sources */ = {isa = PBXBuildFile; fileRef = 83994A136D8C34D93FA8A2B7 /* NotebookStorePageStyleTests.swift */; };
		147F2A65FF7F96A1DD59B581 /* Notebook.swift in Sources */ = {isa = PBXBuildFile; fileRef = 4C80B3036233F46F514C3039 /* Notebook.swift */; };
		171768942E407B53687A57A0 /* PenStrokeFilter.swift in Sources */ = {isa = PBXBuildFile; fileRef = E2C3C10575A233C49BDF057C /* PenStrokeFilter.swift */; };
		17F68A269A85CFB99DC71EA7 /* ShapeClassifier.swift in Sources */ = {isa = PBXBuildFile; fileRef = 2FC5AFE8E0B7040DED6A08B2 /* ShapeClassifier.swift */; };
		196461FB9CE7C0940B708ACB /* ShapeSnapServiceTests.swift in Sources */ = {isa = PBXBuildFile; fileRef = 6C8718017FB599774AF3121A /* ShapeSnapServiceTests.swift */; };
		1F820C4CDB169A435541AA05 /* RecognizedTextObject.swift in Sources */ = {isa = PBXBuildFile; fileRef = 16CDB98592C320A4D81FB0F1 /* RecognizedTextObject.swift */; };
		1F82686DCA4317F6EB7E9F13 /* ShapeSelectionOverlayView.swift in Sources */ = {isa = PBXBuildFile; fileRef = 60C449B978E6CCF6C092EDB1 /* ShapeSelectionOverlayView.swift */; };
		23562E133D3943B7AE0B5A7D /* AutoRecognitionWorkflow.swift in Sources */ = {isa = PBXBuildFile; fileRef = 661E59191A18B13C9A5DE964 /* AutoRecognitionWorkflow.swift */; };
		235DB7F574C4CA434A308251 /* FontPickerView.swift in Sources */ = {isa = PBXBuildFile; fileRef = BE2ABA897795B30716D213E8 /* FontPickerView.swift */; };
		3574C77041C2E20B5290BEC2 /* RecognizedTextStoreTests.swift in Sources */ = {isa = PBXBuildFile; fileRef = 5C3B29DB74B4DD789C8967B8 /* RecognizedTextStoreTests.swift */; };
		362BD4DE37AF27C2D7DEB193 /* TextColor.swift in Sources */ = {isa = PBXBuildFile; fileRef = 4FE50EA31223C66595FCF1FD /* TextColor.swift */; };
		38152430A0F5313C032DD850 /* PencilCanvasScrollView.swift in Sources */ = {isa = PBXBuildFile; fileRef = 6F92FEBCDF700B1445A8050F /* PencilCanvasScrollView.swift */; };
		3A423A792FE2BE07362FF0BE /* ShapeSnapService.swift in Sources */ = {isa = PBXBuildFile; fileRef = 30878356EFD1289439E7F41F /* ShapeSnapService.swift */; };
		3ABD01FB99CC2F33D3514C41 /* HomeView.swift in Sources */ = {isa = PBXBuildFile; fileRef = D998E57BE28904F90B2F48C6 /* HomeView.swift */; };
		3DDEAB1A7CF979654F52CCB6 /* SettingsView.swift in Sources */ = {isa = PBXBuildFile; fileRef = 0B76B9E4D894F26CF3819A02 /* SettingsView.swift */; };
		41CB14BABFC92760756EFCB7 /* TextRun.swift in Sources */ = {isa = PBXBuildFile; fileRef = 7EDBC8F7FA8D31D627771AB3 /* TextRun.swift */; };
		4414379181D2292FF46A3049 /* NotebookListView.swift in Sources */ = {isa = PBXBuildFile; fileRef = BE1E45D53E9556D30B99368E /* NotebookListView.swift */; };
		476B462D877B4FF968016895 /* TextObjectToolbar.swift in Sources */ = {isa = PBXBuildFile; fileRef = 8FBD89AB1BB0D25C85594D88 /* TextObjectToolbar.swift */; };
		4843A42EDB5906203CAFAD8B /* StrokeGroup.swift in Sources */ = {isa = PBXBuildFile; fileRef = DD310CB5C149E3334C36592D /* StrokeGroup.swift */; };
		487D8D6C0199293B25EED0BC /* StrokeCaptureService.swift in Sources */ = {isa = PBXBuildFile; fileRef = 71DC0648B35127E4DE6E7D72 /* StrokeCaptureService.swift */; };
		4C48310ADB7B4E0FE0F3C488 /* FontAvailabilityService.swift in Sources */ = {isa = PBXBuildFile; fileRef = BFC4DD8DA42F8E6B3B1C8DF1 /* FontAvailabilityService.swift */; };
		4EE374EFDA4700B367F75AFA /* TextEditCommit.swift in Sources */ = {isa = PBXBuildFile; fileRef = 2C2E25AC79AE9EBA5EB11605 /* TextEditCommit.swift */; };
		4F8DC8E310737A9F2638D44D /* ShapeFit+Geometry.swift in Sources */ = {isa = PBXBuildFile; fileRef = 7DA24B3E487F77DD51E7B225 /* ShapeFit+Geometry.swift */; };
		506FC7CDD01779EF203581A4 /* StrokeCaptureServiceTests.swift in Sources */ = {isa = PBXBuildFile; fileRef = 3BD38EBD2747CC0BCF31C620 /* StrokeCaptureServiceTests.swift */; };
		50877E3941B3C3E4F6CB8D71 /* WordBoundaryFinderTests.swift in Sources */ = {isa = PBXBuildFile; fileRef = C9D8575EE7AD15AE08C177A9 /* WordBoundaryFinderTests.swift */; };
		522658B9650AD08798255FCD /* TextStyle.swift in Sources */ = {isa = PBXBuildFile; fileRef = 3B6B111BDEEE8B4C05DF0A2C /* TextStyle.swift */; };
		54745F9FAEAD1678D1F2B8DC /* AttributedTextRenderer.swift in Sources */ = {isa = PBXBuildFile; fileRef = 70B9E1614FF1525E051FF1F4 /* AttributedTextRenderer.swift */; };
		5F5E355FF62E782B4B1F0286 /* PageStyleBackgroundView.swift in Sources */ = {isa = PBXBuildFile; fileRef = F433CB542816DEC73ABEE38D /* PageStyleBackgroundView.swift */; };
		5FADC458DAE99BC504F826BF /* FontAvailabilityServiceTests.swift in Sources */ = {isa = PBXBuildFile; fileRef = 759014E032C663C1A96AA8E1 /* FontAvailabilityServiceTests.swift */; };
		6DB59820B691C1EBBC21F62A /* WordBoundaryFinder.swift in Sources */ = {isa = PBXBuildFile; fileRef = 1DECBBFAA996E4951FF9FA5E /* WordBoundaryFinder.swift */; };
		7235AE080B2B5C385A7E2B9D /* PageStylePatternGenerator.swift in Sources */ = {isa = PBXBuildFile; fileRef = 320BA8CEEA143C917BD9E925 /* PageStylePatternGenerator.swift */; };
		730F50B17F241C1E808249D7 /* TextRunMergerTests.swift in Sources */ = {isa = PBXBuildFile; fileRef = A3793534D088BBDF30DFEB0C /* TextRunMergerTests.swift */; };
		742F6C4337FBAB925B461C58 /* Assets.xcassets in Resources */ = {isa = PBXBuildFile; fileRef = 76226D0202A8C95FA9A4516F /* Assets.xcassets */; };
		779C4C8507F82F5AD0FB1EE8 /* DrawingToolPickerFactoryTests.swift in Sources */ = {isa = PBXBuildFile; fileRef = 44E74BE4AEE283904C24D62F /* DrawingToolPickerFactoryTests.swift */; };
		7857F54CD82F87D8BA620E7D /* PencilCanvasConfigurationTests.swift in Sources */ = {isa = PBXBuildFile; fileRef = 32684D60EAFC20753A656B4A /* PencilCanvasConfigurationTests.swift */; };
		7C1CEA6BDACD5E7FACADC77A /* RecognizedTextStore.swift in Sources */ = {isa = PBXBuildFile; fileRef = 72E42936AE2A407F900FED0B /* RecognizedTextStore.swift */; };
		7D1123EDC38F3036CCA32F1B /* PencilCanvasConfiguration.swift in Sources */ = {isa = PBXBuildFile; fileRef = ED00C35E2BF888022281D413 /* PencilCanvasConfiguration.swift */; };
		7DCA8637B64934B55E017497 /* TextPositioningServiceTests.swift in Sources */ = {isa = PBXBuildFile; fileRef = F3D6CCF217E9CF4C387CE45D /* TextPositioningServiceTests.swift */; };
		7FEB514D08DD196F657CCBE7 /* PKStrokeRecognitionServiceTests.swift in Sources */ = {isa = PBXBuildFile; fileRef = 13004E3BAFC601EF1A0DD6C1 /* PKStrokeRecognitionServiceTests.swift */; };
		81BD3A1581F4B57FF82223FF /* AppShellView.swift in Sources */ = {isa = PBXBuildFile; fileRef = 119359CB1017ACBAACA2657E /* AppShellView.swift */; };
		82548061188EDA13499FD1C5 /* RecognitionSettingsStore.swift in Sources */ = {isa = PBXBuildFile; fileRef = 0F8224349B8704A3A268362C /* RecognitionSettingsStore.swift */; };
		862DB3A48E2703A499F738B0 /* NotebookStore.swift in Sources */ = {isa = PBXBuildFile; fileRef = 5A93ACBA1E66D4C47D2730C6 /* NotebookStore.swift */; };
		97C260598B271DABFFF9002D /* StrokeTool.swift in Sources */ = {isa = PBXBuildFile; fileRef = C5DA2AC6477F5F32C138E1B1 /* StrokeTool.swift */; };
		9A1838E659C7B4EECC582AF4 /* PencilCanvasView.swift in Sources */ = {isa = PBXBuildFile; fileRef = D6662F683652787C9A26CB5D /* PencilCanvasView.swift */; };
		9EE45230C4A991E2B17C2C10 /* AutoRecognitionWorkflowTests.swift in Sources */ = {isa = PBXBuildFile; fileRef = 09DF5FEACD24BCA6C46E3509 /* AutoRecognitionWorkflowTests.swift */; };
		A721816F976055460701041D /* CanvasScreen.swift in Sources */ = {isa = PBXBuildFile; fileRef = 1F8F1DF79ADC39C8DB7D91D2 /* CanvasScreen.swift */; };
		AD47922235C825151AE6191C /* PageStylePatternGeneratorTests.swift in Sources */ = {isa = PBXBuildFile; fileRef = 9AE990B33C609F974AA688AA /* PageStylePatternGeneratorTests.swift */; };
		BFDC29F3A9E32928628BC7DA /* PencilCanvasView+Recognition.swift in Sources */ = {isa = PBXBuildFile; fileRef = 22A47191C2615C2384829975 /* PencilCanvasView+Recognition.swift */; };
		C0E6DE61F853F5D37F5895EF /* HandwritingRecognitionService.swift in Sources */ = {isa = PBXBuildFile; fileRef = DCE32F4604E8C1EC37EA296F /* HandwritingRecognitionService.swift */; };
		C344D2306A1A0B74FB85D11A /* AttributedTextRendererTests.swift in Sources */ = {isa = PBXBuildFile; fileRef = F6414AAC95E35364E5721EEA /* AttributedTextRendererTests.swift */; };
		C6563400EC48689EC1C9CE3C /* TextPositioningService.swift in Sources */ = {isa = PBXBuildFile; fileRef = F6A730AF37997B3401FAA6B2 /* TextPositioningService.swift */; };
		D18A8C441C18075F83F269E5 /* AppFont.swift in Sources */ = {isa = PBXBuildFile; fileRef = 2DE0C6E84B940EDDC4F03463 /* AppFont.swift */; };
		D1D76C43BE5F48D512E02A42 /* PenStrokeFilterTests.swift in Sources */ = {isa = PBXBuildFile; fileRef = E1315B74E5E9CB39BEB6F258 /* PenStrokeFilterTests.swift */; };
		D7A63388BF5D4FF7CA866DAA /* WryticTests.swift in Sources */ = {isa = PBXBuildFile; fileRef = 724E369D2024A67BB511AB7A /* WryticTests.swift */; };
		D7BE5A1A1F669B0CE4288D14 /* WryticApp.swift in Sources */ = {isa = PBXBuildFile; fileRef = 697698EAEF868D6D70711E76 /* WryticApp.swift */; };
		DB805F8EA5240A60D7E02157 /* CapturedStroke.swift in Sources */ = {isa = PBXBuildFile; fileRef = F1FD31F4BCC3F4E58907AA25 /* CapturedStroke.swift */; };
		DE6F577D279626A1CDAA415B /* WryticUITests.swift in Sources */ = {isa = PBXBuildFile; fileRef = B5FA904F30A85889FD0E51C9 /* WryticUITests.swift */; };
		E2AF12AEEB06ABF4D2139D4B /* TextEditCommitTests.swift in Sources */ = {isa = PBXBuildFile; fileRef = AE474A0B7202F02F1EF67B7A /* TextEditCommitTests.swift */; };
		E6208DCF8DCCE62313256863 /* ShapeClassifierTests.swift in Sources */ = {isa = PBXBuildFile; fileRef = 3A7D4C8360D8F19D8C2D2172 /* ShapeClassifierTests.swift */; };
		E6ED868E13E70AEDA781219A /* ShapePathBuilder.swift in Sources */ = {isa = PBXBuildFile; fileRef = 01D55455A051C8A3272DB88A /* ShapePathBuilder.swift */; };
		EED4DF3D632AB16DE3A37932 /* UIView+ParentViewController.swift in Sources */ = {isa = PBXBuildFile; fileRef = 75D67CADCB8B1EA1029CA279 /* UIView+ParentViewController.swift */; };
		EF7E470E6BB377A636C8FCFD /* StrokeToolTests.swift in Sources */ = {isa = PBXBuildFile; fileRef = A334B50362AD9AC4E12FCE70 /* StrokeToolTests.swift */; };
		F0016F094AEA2E90C71B2A68 /* DrawingToolPickerFactory.swift in Sources */ = {isa = PBXBuildFile; fileRef = 1A70DF5149251E7D40DEC120 /* DrawingToolPickerFactory.swift */; };
		F4F557CBB0EC98062062A842 /* TextRunMerger.swift in Sources */ = {isa = PBXBuildFile; fileRef = 3A3C2582A41158E8A936B18A /* TextRunMerger.swift */; };
		F6288ECC0BDE0072D5009B07 /* FontWeight.swift in Sources */ = {isa = PBXBuildFile; fileRef = 3A713C8E8F7E4A8B46FF80DF /* FontWeight.swift */; };
		FCA8E32E9B9F9FDF4E8D1B86 /* ShapeType.swift in Sources */ = {isa = PBXBuildFile; fileRef = F2B2086F0CE10F2B818FC6F7 /* ShapeType.swift */; };
		FDF38148036F7AA0325FEBDF /* ShapeFit.swift in Sources */ = {isa = PBXBuildFile; fileRef = F0DC645A8AB0DD689317CD2C /* ShapeFit.swift */; };
		FE576D1FDEAEF7087A0680F9 /* FontSettingsStore.swift in Sources */ = {isa = PBXBuildFile; fileRef = 77A94C0FEAC8C215976A0915 /* FontSettingsStore.swift */; };
/* End PBXBuildFile section */

/* Begin PBXContainerItemProxy section */
		3A32FD95A8A49365416BC225 /* PBXContainerItemProxy */ = {
			isa = PBXContainerItemProxy;
			containerPortal = 6CB539AFC10770A044CFBBC1 /* Project object */;
			proxyType = 1;
			remoteGlobalIDString = D51EA5BD5DECD38FCB131250;
			remoteInfo = Wrytic;
		};
		95F0D2442EBB1F72602B460F /* PBXContainerItemProxy */ = {
			isa = PBXContainerItemProxy;
			containerPortal = 6CB539AFC10770A044CFBBC1 /* Project object */;
			proxyType = 1;
			remoteGlobalIDString = D51EA5BD5DECD38FCB131250;
			remoteInfo = Wrytic;
		};
/* End PBXContainerItemProxy section */

/* Begin PBXFileReference section */
		01D55455A051C8A3272DB88A /* ShapePathBuilder.swift */ = {isa = PBXFileReference; lastKnownFileType = sourcecode.swift; path = ShapePathBuilder.swift; sourceTree = "<group>"; };
		09DF5FEACD24BCA6C46E3509 /* AutoRecognitionWorkflowTests.swift */ = {isa = PBXFileReference; lastKnownFileType = sourcecode.swift; path = AutoRecognitionWorkflowTests.swift; sourceTree = "<group>"; };
		0B76B9E4D894F26CF3819A02 /* SettingsView.swift */ = {isa = PBXFileReference; lastKnownFileType = sourcecode.swift; path = SettingsView.swift; sourceTree = "<group>"; };
		0F8224349B8704A3A268362C /* RecognitionSettingsStore.swift */ = {isa = PBXFileReference; lastKnownFileType = sourcecode.swift; path = RecognitionSettingsStore.swift; sourceTree = "<group>"; };
		119359CB1017ACBAACA2657E /* AppShellView.swift */ = {isa = PBXFileReference; lastKnownFileType = sourcecode.swift; path = AppShellView.swift; sourceTree = "<group>"; };
		13004E3BAFC601EF1A0DD6C1 /* PKStrokeRecognitionServiceTests.swift */ = {isa = PBXFileReference; lastKnownFileType = sourcecode.swift; path = PKStrokeRecognitionServiceTests.swift; sourceTree = "<group>"; };
		16CDB98592C320A4D81FB0F1 /* RecognizedTextObject.swift */ = {isa = PBXFileReference; lastKnownFileType = sourcecode.swift; path = RecognizedTextObject.swift; sourceTree = "<group>"; };
		1A70DF5149251E7D40DEC120 /* DrawingToolPickerFactory.swift */ = {isa = PBXFileReference; lastKnownFileType = sourcecode.swift; path = DrawingToolPickerFactory.swift; sourceTree = "<group>"; };
		1DECBBFAA996E4951FF9FA5E /* WordBoundaryFinder.swift */ = {isa = PBXFileReference; lastKnownFileType = sourcecode.swift; path = WordBoundaryFinder.swift; sourceTree = "<group>"; };
		1F8F1DF79ADC39C8DB7D91D2 /* CanvasScreen.swift */ = {isa = PBXFileReference; lastKnownFileType = sourcecode.swift; path = CanvasScreen.swift; sourceTree = "<group>"; };
		22A47191C2615C2384829975 /* PencilCanvasView+Recognition.swift */ = {isa = PBXFileReference; lastKnownFileType = sourcecode.swift; path = "PencilCanvasView+Recognition.swift"; sourceTree = "<group>"; };
		2C2E25AC79AE9EBA5EB11605 /* TextEditCommit.swift */ = {isa = PBXFileReference; lastKnownFileType = sourcecode.swift; path = TextEditCommit.swift; sourceTree = "<group>"; };
		2DE0C6E84B940EDDC4F03463 /* AppFont.swift */ = {isa = PBXFileReference; lastKnownFileType = sourcecode.swift; path = AppFont.swift; sourceTree = "<group>"; };
		2FC5AFE8E0B7040DED6A08B2 /* ShapeClassifier.swift */ = {isa = PBXFileReference; lastKnownFileType = sourcecode.swift; path = ShapeClassifier.swift; sourceTree = "<group>"; };
		30878356EFD1289439E7F41F /* ShapeSnapService.swift */ = {isa = PBXFileReference; lastKnownFileType = sourcecode.swift; path = ShapeSnapService.swift; sourceTree = "<group>"; };
		320BA8CEEA143C917BD9E925 /* PageStylePatternGenerator.swift */ = {isa = PBXFileReference; lastKnownFileType = sourcecode.swift; path = PageStylePatternGenerator.swift; sourceTree = "<group>"; };
		32684D60EAFC20753A656B4A /* PencilCanvasConfigurationTests.swift */ = {isa = PBXFileReference; lastKnownFileType = sourcecode.swift; path = PencilCanvasConfigurationTests.swift; sourceTree = "<group>"; };
		3A3C2582A41158E8A936B18A /* TextRunMerger.swift */ = {isa = PBXFileReference; lastKnownFileType = sourcecode.swift; path = TextRunMerger.swift; sourceTree = "<group>"; };
		3A713C8E8F7E4A8B46FF80DF /* FontWeight.swift */ = {isa = PBXFileReference; lastKnownFileType = sourcecode.swift; path = FontWeight.swift; sourceTree = "<group>"; };
		3A7D4C8360D8F19D8C2D2172 /* ShapeClassifierTests.swift */ = {isa = PBXFileReference; lastKnownFileType = sourcecode.swift; path = ShapeClassifierTests.swift; sourceTree = "<group>"; };
		3B6B111BDEEE8B4C05DF0A2C /* TextStyle.swift */ = {isa = PBXFileReference; lastKnownFileType = sourcecode.swift; path = TextStyle.swift; sourceTree = "<group>"; };
		3BD38EBD2747CC0BCF31C620 /* StrokeCaptureServiceTests.swift */ = {isa = PBXFileReference; lastKnownFileType = sourcecode.swift; path = StrokeCaptureServiceTests.swift; sourceTree = "<group>"; };
		41C75E1829B504AA5220EE0B /* HandwritingWorkflowService.swift */ = {isa = PBXFileReference; lastKnownFileType = sourcecode.swift; path = HandwritingWorkflowService.swift; sourceTree = "<group>"; };
		44E74BE4AEE283904C24D62F /* DrawingToolPickerFactoryTests.swift */ = {isa = PBXFileReference; lastKnownFileType = sourcecode.swift; path = DrawingToolPickerFactoryTests.swift; sourceTree = "<group>"; };
		4C80B3036233F46F514C3039 /* Notebook.swift */ = {isa = PBXFileReference; lastKnownFileType = sourcecode.swift; path = Notebook.swift; sourceTree = "<group>"; };
		4FE50EA31223C66595FCF1FD /* TextColor.swift */ = {isa = PBXFileReference; lastKnownFileType = sourcecode.swift; path = TextColor.swift; sourceTree = "<group>"; };
		5A41A5AEB7704024A7643D49 /* PencilCanvasView+TextToolbar.swift */ = {isa = PBXFileReference; lastKnownFileType = sourcecode.swift; path = "PencilCanvasView+TextToolbar.swift"; sourceTree = "<group>"; };
		5A93ACBA1E66D4C47D2730C6 /* NotebookStore.swift */ = {isa = PBXFileReference; lastKnownFileType = sourcecode.swift; path = NotebookStore.swift; sourceTree = "<group>"; };
		5C3B29DB74B4DD789C8967B8 /* RecognizedTextStoreTests.swift */ = {isa = PBXFileReference; lastKnownFileType = sourcecode.swift; path = RecognizedTextStoreTests.swift; sourceTree = "<group>"; };
		60C449B978E6CCF6C092EDB1 /* ShapeSelectionOverlayView.swift */ = {isa = PBXFileReference; lastKnownFileType = sourcecode.swift; path = ShapeSelectionOverlayView.swift; sourceTree = "<group>"; };
		661E59191A18B13C9A5DE964 /* AutoRecognitionWorkflow.swift */ = {isa = PBXFileReference; lastKnownFileType = sourcecode.swift; path = AutoRecognitionWorkflow.swift; sourceTree = "<group>"; };
		697698EAEF868D6D70711E76 /* WryticApp.swift */ = {isa = PBXFileReference; lastKnownFileType = sourcecode.swift; path = WryticApp.swift; sourceTree = "<group>"; };
		6C8718017FB599774AF3121A /* ShapeSnapServiceTests.swift */ = {isa = PBXFileReference; lastKnownFileType = sourcecode.swift; path = ShapeSnapServiceTests.swift; sourceTree = "<group>"; };
		6F92FEBCDF700B1445A8050F /* PencilCanvasScrollView.swift */ = {isa = PBXFileReference; lastKnownFileType = sourcecode.swift; path = PencilCanvasScrollView.swift; sourceTree = "<group>"; };
		70B9E1614FF1525E051FF1F4 /* AttributedTextRenderer.swift */ = {isa = PBXFileReference; lastKnownFileType = sourcecode.swift; path = AttributedTextRenderer.swift; sourceTree = "<group>"; };
		71DC0648B35127E4DE6E7D72 /* StrokeCaptureService.swift */ = {isa = PBXFileReference; lastKnownFileType = sourcecode.swift; path = StrokeCaptureService.swift; sourceTree = "<group>"; };
		724E369D2024A67BB511AB7A /* WryticTests.swift */ = {isa = PBXFileReference; lastKnownFileType = sourcecode.swift; path = WryticTests.swift; sourceTree = "<group>"; };
		72E42936AE2A407F900FED0B /* RecognizedTextStore.swift */ = {isa = PBXFileReference; lastKnownFileType = sourcecode.swift; path = RecognizedTextStore.swift; sourceTree = "<group>"; };
		759014E032C663C1A96AA8E1 /* FontAvailabilityServiceTests.swift */ = {isa = PBXFileReference; lastKnownFileType = sourcecode.swift; path = FontAvailabilityServiceTests.swift; sourceTree = "<group>"; };
		75D67CADCB8B1EA1029CA279 /* UIView+ParentViewController.swift */ = {isa = PBXFileReference; lastKnownFileType = sourcecode.swift; path = "UIView+ParentViewController.swift"; sourceTree = "<group>"; };
		76226D0202A8C95FA9A4516F /* Assets.xcassets */ = {isa = PBXFileReference; lastKnownFileType = folder.assetcatalog; path = Assets.xcassets; sourceTree = "<group>"; };
		7745C042BED4A0297391E5C1 /* Wrytic.app */ = {isa = PBXFileReference; includeInIndex = 0; lastKnownFileType = wrapper.application; path = Wrytic.app; sourceTree = BUILT_PRODUCTS_DIR; };
		77A94C0FEAC8C215976A0915 /* FontSettingsStore.swift */ = {isa = PBXFileReference; lastKnownFileType = sourcecode.swift; path = FontSettingsStore.swift; sourceTree = "<group>"; };
		7DA24B3E487F77DD51E7B225 /* ShapeFit+Geometry.swift */ = {isa = PBXFileReference; lastKnownFileType = sourcecode.swift; path = "ShapeFit+Geometry.swift"; sourceTree = "<group>"; };
		7EDBC8F7FA8D31D627771AB3 /* TextRun.swift */ = {isa = PBXFileReference; lastKnownFileType = sourcecode.swift; path = TextRun.swift; sourceTree = "<group>"; };
		83994A136D8C34D93FA8A2B7 /* NotebookStorePageStyleTests.swift */ = {isa = PBXFileReference; lastKnownFileType = sourcecode.swift; path = NotebookStorePageStyleTests.swift; sourceTree = "<group>"; };
		8FBD89AB1BB0D25C85594D88 /* TextObjectToolbar.swift */ = {isa = PBXFileReference; lastKnownFileType = sourcecode.swift; path = TextObjectToolbar.swift; sourceTree = "<group>"; };
		9AE990B33C609F974AA688AA /* PageStylePatternGeneratorTests.swift */ = {isa = PBXFileReference; lastKnownFileType = sourcecode.swift; path = PageStylePatternGeneratorTests.swift; sourceTree = "<group>"; };
		A334B50362AD9AC4E12FCE70 /* StrokeToolTests.swift */ = {isa = PBXFileReference; lastKnownFileType = sourcecode.swift; path = StrokeToolTests.swift; sourceTree = "<group>"; };
		A3793534D088BBDF30DFEB0C /* TextRunMergerTests.swift */ = {isa = PBXFileReference; lastKnownFileType = sourcecode.swift; path = TextRunMergerTests.swift; sourceTree = "<group>"; };
		AE474A0B7202F02F1EF67B7A /* TextEditCommitTests.swift */ = {isa = PBXFileReference; lastKnownFileType = sourcecode.swift; path = TextEditCommitTests.swift; sourceTree = "<group>"; };
		B5FA904F30A85889FD0E51C9 /* WryticUITests.swift */ = {isa = PBXFileReference; lastKnownFileType = sourcecode.swift; path = WryticUITests.swift; sourceTree = "<group>"; };
		BE1E45D53E9556D30B99368E /* NotebookListView.swift */ = {isa = PBXFileReference; lastKnownFileType = sourcecode.swift; path = NotebookListView.swift; sourceTree = "<group>"; };
		BE2ABA897795B30716D213E8 /* FontPickerView.swift */ = {isa = PBXFileReference; lastKnownFileType = sourcecode.swift; path = FontPickerView.swift; sourceTree = "<group>"; };
		BFC4DD8DA42F8E6B3B1C8DF1 /* FontAvailabilityService.swift */ = {isa = PBXFileReference; lastKnownFileType = sourcecode.swift; path = FontAvailabilityService.swift; sourceTree = "<group>"; };
		C5DA2AC6477F5F32C138E1B1 /* StrokeTool.swift */ = {isa = PBXFileReference; lastKnownFileType = sourcecode.swift; path = StrokeTool.swift; sourceTree = "<group>"; };
		C780C7D0E2D02C39CCC53099 /* WryticTests.xctest */ = {isa = PBXFileReference; includeInIndex = 0; lastKnownFileType = wrapper.cfbundle; path = WryticTests.xctest; sourceTree = BUILT_PRODUCTS_DIR; };
		C9D8575EE7AD15AE08C177A9 /* WordBoundaryFinderTests.swift */ = {isa = PBXFileReference; lastKnownFileType = sourcecode.swift; path = WordBoundaryFinderTests.swift; sourceTree = "<group>"; };
		D6662F683652787C9A26CB5D /* PencilCanvasView.swift */ = {isa = PBXFileReference; lastKnownFileType = sourcecode.swift; path = PencilCanvasView.swift; sourceTree = "<group>"; };
		D998E57BE28904F90B2F48C6 /* HomeView.swift */ = {isa = PBXFileReference; lastKnownFileType = sourcecode.swift; path = HomeView.swift; sourceTree = "<group>"; };
		DCE32F4604E8C1EC37EA296F /* HandwritingRecognitionService.swift */ = {isa = PBXFileReference; lastKnownFileType = sourcecode.swift; path = HandwritingRecognitionService.swift; sourceTree = "<group>"; };
		DD310CB5C149E3334C36592D /* StrokeGroup.swift */ = {isa = PBXFileReference; lastKnownFileType = sourcecode.swift; path = StrokeGroup.swift; sourceTree = "<group>"; };
		E1315B74E5E9CB39BEB6F258 /* PenStrokeFilterTests.swift */ = {isa = PBXFileReference; lastKnownFileType = sourcecode.swift; path = PenStrokeFilterTests.swift; sourceTree = "<group>"; };
		E2C3C10575A233C49BDF057C /* PenStrokeFilter.swift */ = {isa = PBXFileReference; lastKnownFileType = sourcecode.swift; path = PenStrokeFilter.swift; sourceTree = "<group>"; };
		ED00C35E2BF888022281D413 /* PencilCanvasConfiguration.swift */ = {isa = PBXFileReference; lastKnownFileType = sourcecode.swift; path = PencilCanvasConfiguration.swift; sourceTree = "<group>"; };
		F0A7E680F9547F3F96327A09 /* PKStrokeRecognitionService.swift */ = {isa = PBXFileReference; lastKnownFileType = sourcecode.swift; path = PKStrokeRecognitionService.swift; sourceTree = "<group>"; };
		F0DC645A8AB0DD689317CD2C /* ShapeFit.swift */ = {isa = PBXFileReference; lastKnownFileType = sourcecode.swift; path = ShapeFit.swift; sourceTree = "<group>"; };
		F11E10095B708A1E0D6E3DEA /* PageStyle.swift */ = {isa = PBXFileReference; lastKnownFileType = sourcecode.swift; path = PageStyle.swift; sourceTree = "<group>"; };
		F1FD31F4BCC3F4E58907AA25 /* CapturedStroke.swift */ = {isa = PBXFileReference; lastKnownFileType = sourcecode.swift; path = CapturedStroke.swift; sourceTree = "<group>"; };
		F22CC092DD36EB8A0E3BF5A4 /* WryticUITests.xctest */ = {isa = PBXFileReference; includeInIndex = 0; lastKnownFileType = wrapper.cfbundle; path = WryticUITests.xctest; sourceTree = BUILT_PRODUCTS_DIR; };
		F2B2086F0CE10F2B818FC6F7 /* ShapeType.swift */ = {isa = PBXFileReference; lastKnownFileType = sourcecode.swift; path = ShapeType.swift; sourceTree = "<group>"; };
		F3D6CCF217E9CF4C387CE45D /* TextPositioningServiceTests.swift */ = {isa = PBXFileReference; lastKnownFileType = sourcecode.swift; path = TextPositioningServiceTests.swift; sourceTree = "<group>"; };
		F433CB542816DEC73ABEE38D /* PageStyleBackgroundView.swift */ = {isa = PBXFileReference; lastKnownFileType = sourcecode.swift; path = PageStyleBackgroundView.swift; sourceTree = "<group>"; };
		F6414AAC95E35364E5721EEA /* AttributedTextRendererTests.swift */ = {isa = PBXFileReference; lastKnownFileType = sourcecode.swift; path = AttributedTextRendererTests.swift; sourceTree = "<group>"; };
		F6A730AF37997B3401FAA6B2 /* TextPositioningService.swift */ = {isa = PBXFileReference; lastKnownFileType = sourcecode.swift; path = TextPositioningService.swift; sourceTree = "<group>"; };
/* End PBXFileReference section */

/* Begin PBXGroup section */
		0233FA999163A66AAA280FBC /* Canvas */ = {
			isa = PBXGroup;
			children = (
				1F8F1DF79ADC39C8DB7D91D2 /* CanvasScreen.swift */,
				ED00C35E2BF888022281D413 /* PencilCanvasConfiguration.swift */,
				6F92FEBCDF700B1445A8050F /* PencilCanvasScrollView.swift */,
				D6662F683652787C9A26CB5D /* PencilCanvasView.swift */,
				22A47191C2615C2384829975 /* PencilCanvasView+Recognition.swift */,
				5A41A5AEB7704024A7643D49 /* PencilCanvasView+TextToolbar.swift */,
				8FBD89AB1BB0D25C85594D88 /* TextObjectToolbar.swift */,
			);
			path = Canvas;
			sourceTree = "<group>";
		};
		160941595BF6272F9C171524 /* Home */ = {
			isa = PBXGroup;
			children = (
				D998E57BE28904F90B2F48C6 /* HomeView.swift */,
			);
			path = Home;
			sourceTree = "<group>";
		};
		1B839E45439318CE8439EE95 /* App */ = {
			isa = PBXGroup;
			children = (
				119359CB1017ACBAACA2657E /* AppShellView.swift */,
				76226D0202A8C95FA9A4516F /* Assets.xcassets */,
				697698EAEF868D6D70711E76 /* WryticApp.swift */,
			);
			path = App;
			sourceTree = "<group>";
		};
		1F4A2C857FEEF535F752E06C /* Shapes */ = {
			isa = PBXGroup;
			children = (
				2FC5AFE8E0B7040DED6A08B2 /* ShapeClassifier.swift */,
				F0DC645A8AB0DD689317CD2C /* ShapeFit.swift */,
				7DA24B3E487F77DD51E7B225 /* ShapeFit+Geometry.swift */,
				01D55455A051C8A3272DB88A /* ShapePathBuilder.swift */,
				60C449B978E6CCF6C092EDB1 /* ShapeSelectionOverlayView.swift */,
				30878356EFD1289439E7F41F /* ShapeSnapService.swift */,
				F2B2086F0CE10F2B818FC6F7 /* ShapeType.swift */,
			);
			path = Shapes;
			sourceTree = "<group>";
		};
		463CDA84CC0E73C34B2757DB /* Core */ = {
			isa = PBXGroup;
			children = (
				D6E8210B7B058535B8C8EE35 /* Extensions */,
				DF1BB232EBBB93FDAAC8EB01 /* Models */,
				75A5834F7AAE6FF85F1AF27C /* Services */,
			);
			path = Core;
			sourceTree = "<group>";
		};
		4941B4ACAF986FED0B9A122F /* WryticTests */ = {
			isa = PBXGroup;
			children = (
				F6414AAC95E35364E5721EEA /* AttributedTextRendererTests.swift */,
				09DF5FEACD24BCA6C46E3509 /* AutoRecognitionWorkflowTests.swift */,
				44E74BE4AEE283904C24D62F /* DrawingToolPickerFactoryTests.swift */,
				759014E032C663C1A96AA8E1 /* FontAvailabilityServiceTests.swift */,
				83994A136D8C34D93FA8A2B7 /* NotebookStorePageStyleTests.swift */,
				9AE990B33C609F974AA688AA /* PageStylePatternGeneratorTests.swift */,
				32684D60EAFC20753A656B4A /* PencilCanvasConfigurationTests.swift */,
				E1315B74E5E9CB39BEB6F258 /* PenStrokeFilterTests.swift */,
				13004E3BAFC601EF1A0DD6C1 /* PKStrokeRecognitionServiceTests.swift */,
				5C3B29DB74B4DD789C8967B8 /* RecognizedTextStoreTests.swift */,
				3A7D4C8360D8F19D8C2D2172 /* ShapeClassifierTests.swift */,
				6C8718017FB599774AF3121A /* ShapeSnapServiceTests.swift */,
				3BD38EBD2747CC0BCF31C620 /* StrokeCaptureServiceTests.swift */,
				A334B50362AD9AC4E12FCE70 /* StrokeToolTests.swift */,
				AE474A0B7202F02F1EF67B7A /* TextEditCommitTests.swift */,
				F3D6CCF217E9CF4C387CE45D /* TextPositioningServiceTests.swift */,
				A3793534D088BBDF30DFEB0C /* TextRunMergerTests.swift */,
				C9D8575EE7AD15AE08C177A9 /* WordBoundaryFinderTests.swift */,
				724E369D2024A67BB511AB7A /* WryticTests.swift */,
			);
			path = WryticTests;
			sourceTree = "<group>";
		};
		648878F5D0D0899609A7CAE9 /* Wrytic */ = {
			isa = PBXGroup;
			children = (
				1B839E45439318CE8439EE95 /* App */,
				463CDA84CC0E73C34B2757DB /* Core */,
				E4C97D55E515D09CC9AE7D05 /* Features */,
			);
			path = Wrytic;
			sourceTree = "<group>";
		};
		6DE3675ADEE69EFEFB2C4F65 /* WryticUITests */ = {
			isa = PBXGroup;
			children = (
				B5FA904F30A85889FD0E51C9 /* WryticUITests.swift */,
			);
			path = WryticUITests;
			sourceTree = "<group>";
		};
		75A5834F7AAE6FF85F1AF27C /* Services */ = {
			isa = PBXGroup;
			children = (
				70B9E1614FF1525E051FF1F4 /* AttributedTextRenderer.swift */,
				77A94C0FEAC8C215976A0915 /* FontSettingsStore.swift */,
				5A93ACBA1E66D4C47D2730C6 /* NotebookStore.swift */,
				0F8224349B8704A3A268362C /* RecognitionSettingsStore.swift */,
				72E42936AE2A407F900FED0B /* RecognizedTextStore.swift */,
				71DC0648B35127E4DE6E7D72 /* StrokeCaptureService.swift */,
				2C2E25AC79AE9EBA5EB11605 /* TextEditCommit.swift */,
				F6A730AF37997B3401FAA6B2 /* TextPositioningService.swift */,
				3A3C2582A41158E8A936B18A /* TextRunMerger.swift */,
				1DECBBFAA996E4951FF9FA5E /* WordBoundaryFinder.swift */,
			);
			path = Services;
			sourceTree = "<group>";
		};
		872A96D4ABFC7ED31D35ED6E /* Fonts */ = {
			isa = PBXGroup;
			children = (
				2DE0C6E84B940EDDC4F03463 /* AppFont.swift */,
				BFC4DD8DA42F8E6B3B1C8DF1 /* FontAvailabilityService.swift */,
				BE2ABA897795B30716D213E8 /* FontPickerView.swift */,
				3A713C8E8F7E4A8B46FF80DF /* FontWeight.swift */,
			);
			path = Fonts;
			sourceTree = "<group>";
		};
		874FCA1E017D1725EE056642 /* Recognition */ = {
			isa = PBXGroup;
			children = (
				661E59191A18B13C9A5DE964 /* AutoRecognitionWorkflow.swift */,
				DCE32F4604E8C1EC37EA296F /* HandwritingRecognitionService.swift */,
				41C75E1829B504AA5220EE0B /* HandwritingWorkflowService.swift */,
				E2C3C10575A233C49BDF057C /* PenStrokeFilter.swift */,
				F0A7E680F9547F3F96327A09 /* PKStrokeRecognitionService.swift */,
			);
			path = Recognition;
			sourceTree = "<group>";
		};
		952496056B311A0452A35C84 /* Products */ = {
			isa = PBXGroup;
			children = (
				7745C042BED4A0297391E5C1 /* Wrytic.app */,
				C780C7D0E2D02C39CCC53099 /* WryticTests.xctest */,
				F22CC092DD36EB8A0E3BF5A4 /* WryticUITests.xctest */,
			);
			name = Products;
			sourceTree = "<group>";
		};
		B653A93C68024D3DB973EE98 /* Settings */ = {
			isa = PBXGroup;
			children = (
				0B76B9E4D894F26CF3819A02 /* SettingsView.swift */,
			);
			path = Settings;
			sourceTree = "<group>";
		};
		D6E8210B7B058535B8C8EE35 /* Extensions */ = {
			isa = PBXGroup;
			children = (
				75D67CADCB8B1EA1029CA279 /* UIView+ParentViewController.swift */,
			);
			path = Extensions;
			sourceTree = "<group>";
		};
		DC644ACFFD900F13DF1EB2B6 /* PageStyles */ = {
			isa = PBXGroup;
			children = (
				F11E10095B708A1E0D6E3DEA /* PageStyle.swift */,
				F433CB542816DEC73ABEE38D /* PageStyleBackgroundView.swift */,
				320BA8CEEA143C917BD9E925 /* PageStylePatternGenerator.swift */,
			);
			path = PageStyles;
			sourceTree = "<group>";
		};
		DF1BB232EBBB93FDAAC8EB01 /* Models */ = {
			isa = PBXGroup;
			children = (
				F1FD31F4BCC3F4E58907AA25 /* CapturedStroke.swift */,
				4C80B3036233F46F514C3039 /* Notebook.swift */,
				16CDB98592C320A4D81FB0F1 /* RecognizedTextObject.swift */,
				DD310CB5C149E3334C36592D /* StrokeGroup.swift */,
				4FE50EA31223C66595FCF1FD /* TextColor.swift */,
				7EDBC8F7FA8D31D627771AB3 /* TextRun.swift */,
				3B6B111BDEEE8B4C05DF0A2C /* TextStyle.swift */,
			);
			path = Models;
			sourceTree = "<group>";
		};
		E4C97D55E515D09CC9AE7D05 /* Features */ = {
			isa = PBXGroup;
			children = (
				0233FA999163A66AAA280FBC /* Canvas */,
				ED52D727C5FB6F774C7DEC30 /* DrawingTools */,
				872A96D4ABFC7ED31D35ED6E /* Fonts */,
				160941595BF6272F9C171524 /* Home */,
				EC1166B89739091888035DE9 /* Notebook */,
				DC644ACFFD900F13DF1EB2B6 /* PageStyles */,
				874FCA1E017D1725EE056642 /* Recognition */,
				B653A93C68024D3DB973EE98 /* Settings */,
				1F4A2C857FEEF535F752E06C /* Shapes */,
			);
			path = Features;
			sourceTree = "<group>";
		};
		EB78E19E3ECDF2650B9B6C12 = {
			isa = PBXGroup;
			children = (
				648878F5D0D0899609A7CAE9 /* Wrytic */,
				4941B4ACAF986FED0B9A122F /* WryticTests */,
				6DE3675ADEE69EFEFB2C4F65 /* WryticUITests */,
				952496056B311A0452A35C84 /* Products */,
			);
			sourceTree = "<group>";
		};
		EC1166B89739091888035DE9 /* Notebook */ = {
			isa = PBXGroup;
			children = (
				BE1E45D53E9556D30B99368E /* NotebookListView.swift */,
			);
			path = Notebook;
			sourceTree = "<group>";
		};
		ED52D727C5FB6F774C7DEC30 /* DrawingTools */ = {
			isa = PBXGroup;
			children = (
				1A70DF5149251E7D40DEC120 /* DrawingToolPickerFactory.swift */,
				C5DA2AC6477F5F32C138E1B1 /* StrokeTool.swift */,
			);
			path = DrawingTools;
			sourceTree = "<group>";
		};
/* End PBXGroup section */

/* Begin PBXNativeTarget section */
		76ACDDE46A3FEBCF89191448 /* WryticUITests */ = {
			isa = PBXNativeTarget;
			buildConfigurationList = 9486D3F516139012754C1289 /* Build configuration list for PBXNativeTarget "WryticUITests" */;
			buildPhases = (
				386349D6312664982959CF29 /* Sources */,
			);
			buildRules = (
			);
			dependencies = (
				12C7B4F83765198AB6FBA919 /* PBXTargetDependency */,
			);
			name = WryticUITests;
			packageProductDependencies = (
			);
			productName = WryticUITests;
			productReference = F22CC092DD36EB8A0E3BF5A4 /* WryticUITests.xctest */;
			productType = "com.apple.product-type.bundle.ui-testing";
		};
		90168E9B6937CBB2BD2928CB /* WryticTests */ = {
			isa = PBXNativeTarget;
			buildConfigurationList = DE1D3BCE839CCDA250E56D99 /* Build configuration list for PBXNativeTarget "WryticTests" */;
			buildPhases = (
				3AAEB42D0C8D4E3200A44CDE /* Sources */,
			);
			buildRules = (
			);
			dependencies = (
				D43109C4B1CB7FAF49579CAB /* PBXTargetDependency */,
			);
			name = WryticTests;
			packageProductDependencies = (
			);
			productName = WryticTests;
			productReference = C780C7D0E2D02C39CCC53099 /* WryticTests.xctest */;
			productType = "com.apple.product-type.bundle.unit-test";
		};
		D51EA5BD5DECD38FCB131250 /* Wrytic */ = {
			isa = PBXNativeTarget;
			buildConfigurationList = 0BB24A8C32537D46805D2DCC /* Build configuration list for PBXNativeTarget "Wrytic" */;
			buildPhases = (
				D8EC761BF9280380BB956123 /* Sources */,
				5FB7FAD14571FEC4BB13C2AC /* Resources */,
			);
			buildRules = (
			);
			dependencies = (
			);
			name = Wrytic;
			packageProductDependencies = (
			);
			productName = Wrytic;
			productReference = 7745C042BED4A0297391E5C1 /* Wrytic.app */;
			productType = "com.apple.product-type.application";
		};
/* End PBXNativeTarget section */

/* Begin PBXProject section */
		6CB539AFC10770A044CFBBC1 /* Project object */ = {
			isa = PBXProject;
			attributes = {
				BuildIndependentTargetsInParallel = YES;
				LastUpgradeCheck = 1430;
				TargetAttributes = {
					76ACDDE46A3FEBCF89191448 = {
						TestTargetID = D51EA5BD5DECD38FCB131250;
					};
				};
			};
			buildConfigurationList = 0525EF81BDA8E4D10BCFA304 /* Build configuration list for PBXProject "Wrytic" */;
			developmentRegion = en;
			hasScannedForEncodings = 0;
			knownRegions = (
				Base,
				en,
			);
			mainGroup = EB78E19E3ECDF2650B9B6C12;
			minimizedProjectReferenceProxies = 1;
			preferredProjectObjectVersion = 77;
			productRefGroup = 952496056B311A0452A35C84 /* Products */;
			projectDirPath = "";
			projectRoot = "";
			targets = (
				D51EA5BD5DECD38FCB131250 /* Wrytic */,
				90168E9B6937CBB2BD2928CB /* WryticTests */,
				76ACDDE46A3FEBCF89191448 /* WryticUITests */,
			);
		};
/* End PBXProject section */

/* Begin PBXResourcesBuildPhase section */
		5FB7FAD14571FEC4BB13C2AC /* Resources */ = {
			isa = PBXResourcesBuildPhase;
			buildActionMask = 2147483647;
			files = (
				742F6C4337FBAB925B461C58 /* Assets.xcassets in Resources */,
			);
			runOnlyForDeploymentPostprocessing = 0;
		};
/* End PBXResourcesBuildPhase section */

/* Begin PBXSourcesBuildPhase section */
		386349D6312664982959CF29 /* Sources */ = {
			isa = PBXSourcesBuildPhase;
			buildActionMask = 2147483647;
			files = (
				DE6F577D279626A1CDAA415B /* WryticUITests.swift in Sources */,
			);
			runOnlyForDeploymentPostprocessing = 0;
		};
		3AAEB42D0C8D4E3200A44CDE /* Sources */ = {
			isa = PBXSourcesBuildPhase;
			buildActionMask = 2147483647;
			files = (
				C344D2306A1A0B74FB85D11A /* AttributedTextRendererTests.swift in Sources */,
				9EE45230C4A991E2B17C2C10 /* AutoRecognitionWorkflowTests.swift in Sources */,
				779C4C8507F82F5AD0FB1EE8 /* DrawingToolPickerFactoryTests.swift in Sources */,
				5FADC458DAE99BC504F826BF /* FontAvailabilityServiceTests.swift in Sources */,
				0F3E7DD83529A8BA5BFF6654 /* NotebookStorePageStyleTests.swift in Sources */,
				7FEB514D08DD196F657CCBE7 /* PKStrokeRecognitionServiceTests.swift in Sources */,
				AD47922235C825151AE6191C /* PageStylePatternGeneratorTests.swift in Sources */,
				D1D76C43BE5F48D512E02A42 /* PenStrokeFilterTests.swift in Sources */,
				7857F54CD82F87D8BA620E7D /* PencilCanvasConfigurationTests.swift in Sources */,
				3574C77041C2E20B5290BEC2 /* RecognizedTextStoreTests.swift in Sources */,
				E6208DCF8DCCE62313256863 /* ShapeClassifierTests.swift in Sources */,
				196461FB9CE7C0940B708ACB /* ShapeSnapServiceTests.swift in Sources */,
				506FC7CDD01779EF203581A4 /* StrokeCaptureServiceTests.swift in Sources */,
				EF7E470E6BB377A636C8FCFD /* StrokeToolTests.swift in Sources */,
				E2AF12AEEB06ABF4D2139D4B /* TextEditCommitTests.swift in Sources */,
				7DCA8637B64934B55E017497 /* TextPositioningServiceTests.swift in Sources */,
				730F50B17F241C1E808249D7 /* TextRunMergerTests.swift in Sources */,
				50877E3941B3C3E4F6CB8D71 /* WordBoundaryFinderTests.swift in Sources */,
				D7A63388BF5D4FF7CA866DAA /* WryticTests.swift in Sources */,
			);
			runOnlyForDeploymentPostprocessing = 0;
		};
		D8EC761BF9280380BB956123 /* Sources */ = {
			isa = PBXSourcesBuildPhase;
			buildActionMask = 2147483647;
			files = (
				D18A8C441C18075F83F269E5 /* AppFont.swift in Sources */,
				81BD3A1581F4B57FF82223FF /* AppShellView.swift in Sources */,
				54745F9FAEAD1678D1F2B8DC /* AttributedTextRenderer.swift in Sources */,
				23562E133D3943B7AE0B5A7D /* AutoRecognitionWorkflow.swift in Sources */,
				A721816F976055460701041D /* CanvasScreen.swift in Sources */,
				DB805F8EA5240A60D7E02157 /* CapturedStroke.swift in Sources */,
				F0016F094AEA2E90C71B2A68 /* DrawingToolPickerFactory.swift in Sources */,
				4C48310ADB7B4E0FE0F3C488 /* FontAvailabilityService.swift in Sources */,
				235DB7F574C4CA434A308251 /* FontPickerView.swift in Sources */,
				FE576D1FDEAEF7087A0680F9 /* FontSettingsStore.swift in Sources */,
				F6288ECC0BDE0072D5009B07 /* FontWeight.swift in Sources */,
				C0E6DE61F853F5D37F5895EF /* HandwritingRecognitionService.swift in Sources */,
				02E874D12CDA77F04D36E46B /* HandwritingWorkflowService.swift in Sources */,
				3ABD01FB99CC2F33D3514C41 /* HomeView.swift in Sources */,
				147F2A65FF7F96A1DD59B581 /* Notebook.swift in Sources */,
				4414379181D2292FF46A3049 /* NotebookListView.swift in Sources */,
				862DB3A48E2703A499F738B0 /* NotebookStore.swift in Sources */,
				0C49A5ADFCC0F37E61DAB1D6 /* PKStrokeRecognitionService.swift in Sources */,
				05F26D5C4ACC9F575E84EA7D /* PageStyle.swift in Sources */,
				5F5E355FF62E782B4B1F0286 /* PageStyleBackgroundView.swift in Sources */,
				7235AE080B2B5C385A7E2B9D /* PageStylePatternGenerator.swift in Sources */,
				171768942E407B53687A57A0 /* PenStrokeFilter.swift in Sources */,
				7D1123EDC38F3036CCA32F1B /* PencilCanvasConfiguration.swift in Sources */,
				38152430A0F5313C032DD850 /* PencilCanvasScrollView.swift in Sources */,
				BFDC29F3A9E32928628BC7DA /* PencilCanvasView+Recognition.swift in Sources */,
				0C0391D84F7141FB48FFD520 /* PencilCanvasView+TextToolbar.swift in Sources */,
				9A1838E659C7B4EECC582AF4 /* PencilCanvasView.swift in Sources */,
				82548061188EDA13499FD1C5 /* RecognitionSettingsStore.swift in Sources */,
				1F820C4CDB169A435541AA05 /* RecognizedTextObject.swift in Sources */,
				7C1CEA6BDACD5E7FACADC77A /* RecognizedTextStore.swift in Sources */,
				3DDEAB1A7CF979654F52CCB6 /* SettingsView.swift in Sources */,
				17F68A269A85CFB99DC71EA7 /* ShapeClassifier.swift in Sources */,
				4F8DC8E310737A9F2638D44D /* ShapeFit+Geometry.swift in Sources */,
				FDF38148036F7AA0325FEBDF /* ShapeFit.swift in Sources */,
				E6ED868E13E70AEDA781219A /* ShapePathBuilder.swift in Sources */,
				1F82686DCA4317F6EB7E9F13 /* ShapeSelectionOverlayView.swift in Sources */,
				3A423A792FE2BE07362FF0BE /* ShapeSnapService.swift in Sources */,
				FCA8E32E9B9F9FDF4E8D1B86 /* ShapeType.swift in Sources */,
				487D8D6C0199293B25EED0BC /* StrokeCaptureService.swift in Sources */,
				4843A42EDB5906203CAFAD8B /* StrokeGroup.swift in Sources */,
				97C260598B271DABFFF9002D /* StrokeTool.swift in Sources */,
				362BD4DE37AF27C2D7DEB193 /* TextColor.swift in Sources */,
				4EE374EFDA4700B367F75AFA /* TextEditCommit.swift in Sources */,
				476B462D877B4FF968016895 /* TextObjectToolbar.swift in Sources */,
				C6563400EC48689EC1C9CE3C /* TextPositioningService.swift in Sources */,
				41CB14BABFC92760756EFCB7 /* TextRun.swift in Sources */,
				F4F557CBB0EC98062062A842 /* TextRunMerger.swift in Sources */,
				522658B9650AD08798255FCD /* TextStyle.swift in Sources */,
				EED4DF3D632AB16DE3A37932 /* UIView+ParentViewController.swift in Sources */,
				6DB59820B691C1EBBC21F62A /* WordBoundaryFinder.swift in Sources */,
				D7BE5A1A1F669B0CE4288D14 /* WryticApp.swift in Sources */,
			);
			runOnlyForDeploymentPostprocessing = 0;
		};
/* End PBXSourcesBuildPhase section */

/* Begin PBXTargetDependency section */
		12C7B4F83765198AB6FBA919 /* PBXTargetDependency */ = {
			isa = PBXTargetDependency;
			target = D51EA5BD5DECD38FCB131250 /* Wrytic */;
			targetProxy = 95F0D2442EBB1F72602B460F /* PBXContainerItemProxy */;
		};
		D43109C4B1CB7FAF49579CAB /* PBXTargetDependency */ = {
			isa = PBXTargetDependency;
			target = D51EA5BD5DECD38FCB131250 /* Wrytic */;
			targetProxy = 3A32FD95A8A49365416BC225 /* PBXContainerItemProxy */;
		};
/* End PBXTargetDependency section */

/* Begin XCBuildConfiguration section */
		0CE131BE90A681E1E5A55B0B /* Release */ = {
			isa = XCBuildConfiguration;
			buildSettings = {
				BUNDLE_LOADER = "$(TEST_HOST)";
				GENERATE_INFOPLIST_FILE = YES;
				IPHONEOS_DEPLOYMENT_TARGET = 27.0;
				LD_RUNPATH_SEARCH_PATHS = (
					"$(inherited)",
					"@executable_path/Frameworks",
					"@loader_path/Frameworks",
				);
				PRODUCT_BUNDLE_IDENTIFIER = com.wrytic.app.tests;
				SDKROOT = iphoneos;
				SWIFT_VERSION = 6.0;
				TARGETED_DEVICE_FAMILY = "1,2";
				TEST_HOST = "$(BUILT_PRODUCTS_DIR)/Wrytic.app/Wrytic";
			};
			name = Release;
		};
		0D0234EF5ABF8144B702E7E2 /* Debug */ = {
			isa = XCBuildConfiguration;
			buildSettings = {
				BUNDLE_LOADER = "$(TEST_HOST)";
				GENERATE_INFOPLIST_FILE = YES;
				IPHONEOS_DEPLOYMENT_TARGET = 27.0;
				LD_RUNPATH_SEARCH_PATHS = (
					"$(inherited)",
					"@executable_path/Frameworks",
					"@loader_path/Frameworks",
				);
				PRODUCT_BUNDLE_IDENTIFIER = com.wrytic.app.uitests;
				SDKROOT = iphoneos;
				SWIFT_VERSION = 6.0;
				TARGETED_DEVICE_FAMILY = "1,2";
				TEST_TARGET_NAME = Wrytic;
			};
			name = Debug;
		};
		12CE107226A50521445A7091 /* Debug */ = {
			isa = XCBuildConfiguration;
			buildSettings = {
				BUNDLE_LOADER = "$(TEST_HOST)";
				GENERATE_INFOPLIST_FILE = YES;
				IPHONEOS_DEPLOYMENT_TARGET = 27.0;
				LD_RUNPATH_SEARCH_PATHS = (
					"$(inherited)",
					"@executable_path/Frameworks",
					"@loader_path/Frameworks",
				);
				PRODUCT_BUNDLE_IDENTIFIER = com.wrytic.app.tests;
				SDKROOT = iphoneos;
				SWIFT_VERSION = 6.0;
				TARGETED_DEVICE_FAMILY = "1,2";
				TEST_HOST = "$(BUILT_PRODUCTS_DIR)/Wrytic.app/Wrytic";
			};
			name = Debug;
		};
		4455BABC3E515EF48358B5EA /* Debug */ = {
			isa = XCBuildConfiguration;
			buildSettings = {
				ASSETCATALOG_COMPILER_APPICON_NAME = AppIcon;
				ASSETCATALOG_COMPILER_GLOBAL_ACCENT_COLOR_NAME = AccentColor;
				CODE_SIGN_IDENTITY = "iPhone Developer";
				CURRENT_PROJECT_VERSION = 1;
				DEVELOPMENT_TEAM = U9Q25G4KPW;
				GENERATE_INFOPLIST_FILE = YES;
				INFOPLIST_FILE = "Generated/Wrytic-Info.plist";
				IPHONEOS_DEPLOYMENT_TARGET = 27.0;
				LD_RUNPATH_SEARCH_PATHS = (
					"$(inherited)",
					"@executable_path/Frameworks",
				);
				MARKETING_VERSION = 0.2.0;
				PRODUCT_BUNDLE_IDENTIFIER = com.wrytic.app;
				SDKROOT = iphoneos;
				SWIFT_VERSION = 6.0;
				TARGETED_DEVICE_FAMILY = 2;
			};
			name = Debug;
		};
		6DE35FAD03F666D1ADFF4B3A /* Release */ = {
			isa = XCBuildConfiguration;
			buildSettings = {
				ALWAYS_SEARCH_USER_PATHS = NO;
				CLANG_ANALYZER_NONNULL = YES;
				CLANG_ANALYZER_NUMBER_OBJECT_CONVERSION = YES_AGGRESSIVE;
				CLANG_CXX_LANGUAGE_STANDARD = "gnu++14";
				CLANG_CXX_LIBRARY = "libc++";
				CLANG_ENABLE_MODULES = YES;
				CLANG_ENABLE_OBJC_ARC = YES;
				CLANG_ENABLE_OBJC_WEAK = YES;
				CLANG_WARN_BLOCK_CAPTURE_AUTORELEASING = YES;
				CLANG_WARN_BOOL_CONVERSION = YES;
				CLANG_WARN_COMMA = YES;
				CLANG_WARN_CONSTANT_CONVERSION = YES;
				CLANG_WARN_DEPRECATED_OBJC_IMPLEMENTATIONS = YES;
				CLANG_WARN_DIRECT_OBJC_ISA_USAGE = YES_ERROR;
				CLANG_WARN_DOCUMENTATION_COMMENTS = YES;
				CLANG_WARN_EMPTY_BODY = YES;
				CLANG_WARN_ENUM_CONVERSION = YES;
				CLANG_WARN_INFINITE_RECURSION = YES;
				CLANG_WARN_INT_CONVERSION = YES;
				CLANG_WARN_NON_LITERAL_NULL_CONVERSION = YES;
				CLANG_WARN_OBJC_IMPLICIT_RETAIN_SELF = YES;
				CLANG_WARN_OBJC_LITERAL_CONVERSION = YES;
				CLANG_WARN_OBJC_ROOT_CLASS = YES_ERROR;
				CLANG_WARN_QUOTED_INCLUDE_IN_FRAMEWORK_HEADER = YES;
				CLANG_WARN_RANGE_LOOP_ANALYSIS = YES;
				CLANG_WARN_STRICT_PROTOTYPES = YES;
				CLANG_WARN_SUSPICIOUS_MOVE = YES;
				CLANG_WARN_UNGUARDED_AVAILABILITY = YES_AGGRESSIVE;
				CLANG_WARN_UNREACHABLE_CODE = YES;
				CLANG_WARN__DUPLICATE_METHOD_MATCH = YES;
				COPY_PHASE_STRIP = NO;
				DEBUG_INFORMATION_FORMAT = "dwarf-with-dsym";
				ENABLE_NS_ASSERTIONS = NO;
				ENABLE_STRICT_OBJC_MSGSEND = YES;
				GCC_C_LANGUAGE_STANDARD = gnu11;
				GCC_NO_COMMON_BLOCKS = YES;
				GCC_WARN_64_TO_32_BIT_CONVERSION = YES;
				GCC_WARN_ABOUT_RETURN_TYPE = YES_ERROR;
				GCC_WARN_UNDECLARED_SELECTOR = YES;
				GCC_WARN_UNINITIALIZED_AUTOS = YES_AGGRESSIVE;
				GCC_WARN_UNUSED_FUNCTION = YES;
				GCC_WARN_UNUSED_VARIABLE = YES;
				IPHONEOS_DEPLOYMENT_TARGET = 27.0;
				MTL_ENABLE_DEBUG_INFO = NO;
				MTL_FAST_MATH = YES;
				PRODUCT_NAME = "$(TARGET_NAME)";
				SDKROOT = iphoneos;
				SWIFT_COMPILATION_MODE = wholemodule;
				SWIFT_OPTIMIZATION_LEVEL = "-O";
				SWIFT_VERSION = 5.0;
			};
			name = Release;
		};
		80D493989088D41C09CAE001 /* Release */ = {
			isa = XCBuildConfiguration;
			buildSettings = {
				ASSETCATALOG_COMPILER_APPICON_NAME = AppIcon;
				ASSETCATALOG_COMPILER_GLOBAL_ACCENT_COLOR_NAME = AccentColor;
				CODE_SIGN_IDENTITY = "iPhone Developer";
				CURRENT_PROJECT_VERSION = 1;
				DEVELOPMENT_TEAM = U9Q25G4KPW;
				GENERATE_INFOPLIST_FILE = YES;
				INFOPLIST_FILE = "Generated/Wrytic-Info.plist";
				IPHONEOS_DEPLOYMENT_TARGET = 27.0;
				LD_RUNPATH_SEARCH_PATHS = (
					"$(inherited)",
					"@executable_path/Frameworks",
				);
				MARKETING_VERSION = 0.2.0;
				PRODUCT_BUNDLE_IDENTIFIER = com.wrytic.app;
				SDKROOT = iphoneos;
				SWIFT_VERSION = 6.0;
				TARGETED_DEVICE_FAMILY = 2;
			};
			name = Release;
		};
		90CFB0788FE9AB76F1C1C4CA /* Debug */ = {
			isa = XCBuildConfiguration;
			buildSettings = {
				ALWAYS_SEARCH_USER_PATHS = NO;
				CLANG_ANALYZER_NONNULL = YES;
				CLANG_ANALYZER_NUMBER_OBJECT_CONVERSION = YES_AGGRESSIVE;
				CLANG_CXX_LANGUAGE_STANDARD = "gnu++14";
				CLANG_CXX_LIBRARY = "libc++";
				CLANG_ENABLE_MODULES = YES;
				CLANG_ENABLE_OBJC_ARC = YES;
				CLANG_ENABLE_OBJC_WEAK = YES;
				CLANG_WARN_BLOCK_CAPTURE_AUTORELEASING = YES;
				CLANG_WARN_BOOL_CONVERSION = YES;
				CLANG_WARN_COMMA = YES;
				CLANG_WARN_CONSTANT_CONVERSION = YES;
				CLANG_WARN_DEPRECATED_OBJC_IMPLEMENTATIONS = YES;
				CLANG_WARN_DIRECT_OBJC_ISA_USAGE = YES_ERROR;
				CLANG_WARN_DOCUMENTATION_COMMENTS = YES;
				CLANG_WARN_EMPTY_BODY = YES;
				CLANG_WARN_ENUM_CONVERSION = YES;
				CLANG_WARN_INFINITE_RECURSION = YES;
				CLANG_WARN_INT_CONVERSION = YES;
				CLANG_WARN_NON_LITERAL_NULL_CONVERSION = YES;
				CLANG_WARN_OBJC_IMPLICIT_RETAIN_SELF = YES;
				CLANG_WARN_OBJC_LITERAL_CONVERSION = YES;
				CLANG_WARN_OBJC_ROOT_CLASS = YES_ERROR;
				CLANG_WARN_QUOTED_INCLUDE_IN_FRAMEWORK_HEADER = YES;
				CLANG_WARN_RANGE_LOOP_ANALYSIS = YES;
				CLANG_WARN_STRICT_PROTOTYPES = YES;
				CLANG_WARN_SUSPICIOUS_MOVE = YES;
				CLANG_WARN_UNGUARDED_AVAILABILITY = YES_AGGRESSIVE;
				CLANG_WARN_UNREACHABLE_CODE = YES;
				CLANG_WARN__DUPLICATE_METHOD_MATCH = YES;
				COPY_PHASE_STRIP = NO;
				DEBUG_INFORMATION_FORMAT = dwarf;
				ENABLE_STRICT_OBJC_MSGSEND = YES;
				ENABLE_TESTABILITY = YES;
				GCC_C_LANGUAGE_STANDARD = gnu11;
				GCC_DYNAMIC_NO_PIC = NO;
				GCC_NO_COMMON_BLOCKS = YES;
				GCC_OPTIMIZATION_LEVEL = 0;
				GCC_PREPROCESSOR_DEFINITIONS = (
					"$(inherited)",
					"DEBUG=1",
				);
				GCC_WARN_64_TO_32_BIT_CONVERSION = YES;
				GCC_WARN_ABOUT_RETURN_TYPE = YES_ERROR;
				GCC_WARN_UNDECLARED_SELECTOR = YES;
				GCC_WARN_UNINITIALIZED_AUTOS = YES_AGGRESSIVE;
				GCC_WARN_UNUSED_FUNCTION = YES;
				GCC_WARN_UNUSED_VARIABLE = YES;
				IPHONEOS_DEPLOYMENT_TARGET = 27.0;
				MTL_ENABLE_DEBUG_INFO = INCLUDE_SOURCE;
				MTL_FAST_MATH = YES;
				ONLY_ACTIVE_ARCH = YES;
				PRODUCT_NAME = "$(TARGET_NAME)";
				SDKROOT = iphoneos;
				SWIFT_ACTIVE_COMPILATION_CONDITIONS = DEBUG;
				SWIFT_OPTIMIZATION_LEVEL = "-Onone";
				SWIFT_VERSION = 5.0;
			};
			name = Debug;
		};
		943A05B42DBCDF36B3CBE711 /* Release */ = {
			isa = XCBuildConfiguration;
			buildSettings = {
				BUNDLE_LOADER = "$(TEST_HOST)";
				GENERATE_INFOPLIST_FILE = YES;
				IPHONEOS_DEPLOYMENT_TARGET = 27.0;
				LD_RUNPATH_SEARCH_PATHS = (
					"$(inherited)",
					"@executable_path/Frameworks",
					"@loader_path/Frameworks",
				);
				PRODUCT_BUNDLE_IDENTIFIER = com.wrytic.app.uitests;
				SDKROOT = iphoneos;
				SWIFT_VERSION = 6.0;
				TARGETED_DEVICE_FAMILY = "1,2";
				TEST_TARGET_NAME = Wrytic;
			};
			name = Release;
		};
/* End XCBuildConfiguration section */

/* Begin XCConfigurationList section */
		0525EF81BDA8E4D10BCFA304 /* Build configuration list for PBXProject "Wrytic" */ = {
			isa = XCConfigurationList;
			buildConfigurations = (
				90CFB0788FE9AB76F1C1C4CA /* Debug */,
				6DE35FAD03F666D1ADFF4B3A /* Release */,
			);
			defaultConfigurationIsVisible = 0;
			defaultConfigurationName = Debug;
		};
		0BB24A8C32537D46805D2DCC /* Build configuration list for PBXNativeTarget "Wrytic" */ = {
			isa = XCConfigurationList;
			buildConfigurations = (
				4455BABC3E515EF48358B5EA /* Debug */,
				80D493989088D41C09CAE001 /* Release */,
			);
			defaultConfigurationIsVisible = 0;
			defaultConfigurationName = Debug;
		};
		9486D3F516139012754C1289 /* Build configuration list for PBXNativeTarget "WryticUITests" */ = {
			isa = XCConfigurationList;
			buildConfigurations = (
				0D0234EF5ABF8144B702E7E2 /* Debug */,
				943A05B42DBCDF36B3CBE711 /* Release */,
			);
			defaultConfigurationIsVisible = 0;
			defaultConfigurationName = Debug;
		};
		DE1D3BCE839CCDA250E56D99 /* Build configuration list for PBXNativeTarget "WryticTests" */ = {
			isa = XCConfigurationList;
			buildConfigurations = (
				12CE107226A50521445A7091 /* Debug */,
				0CE131BE90A681E1E5A55B0B /* Release */,
			);
			defaultConfigurationIsVisible = 0;
			defaultConfigurationName = Debug;
		};
/* End XCConfigurationList section */
	};
	rootObject = 6CB539AFC10770A044CFBBC1 /* Project object */;
}
